// !$*UTF8*$!
{
	archiveVersion = 1;
	classes = {
	};
	objectVersion = 52;
	objects = {

/* Begin PBXBuildFile section */
		1726EFBE2769DD4300C8E597 /* Assets.xcassets in Resources */ = {isa = PBXBuildFile; fileRef = 453DE2BF2379458C0083E759 /* Assets.xcassets */; };
		2E5E70A9346E3B3A45FF25BB /* TXLiteAVSDK_UGC.framework in Frameworks */ = {isa = PBXBuildFile; fileRef = CB266C9BB3B82849BFEABF0D /* TXLiteAVSDK_UGC.framework */; };
		400443612837B52E00DAA0DE /* BuildFile in Frameworks */ = {isa = PBXBuildFile; };
		400443652837B61F00DAA0DE /* TXFFmpeg.xcframework in Frameworks */ = {isa = PBXBuildFile; fileRef = 400443642837B61E00DAA0DE /* TXFFmpeg.xcframework */; };
		400443662837B61F00DAA0DE /* TXFFmpeg.xcframework in Embed Frameworks */ = {isa = PBXBuildFile; fileRef = 400443642837B61E00DAA0DE /* TXFFmpeg.xcframework */; settings = {ATTRIBUTES = (CodeSignOnCopy, RemoveHeadersOnCopy, ); }; };
		400443692837B62600DAA0DE /* TXSoundTouch.xcframework in Frameworks */ = {isa = PBXBuildFile; fileRef = 400443682837B62600DAA0DE /* TXSoundTouch.xcframework */; };
		4004436A2837B62600DAA0DE /* TXSoundTouch.xcframework in Embed Frameworks */ = {isa = PBXBuildFile; fileRef = 400443682837B62600DAA0DE /* TXSoundTouch.xcframework */; settings = {ATTRIBUTES = (CodeSignOnCopy, RemoveHeadersOnCopy, ); }; };
		4005887625FBA72E00C518CC /* YTHandDetector.bundle in Resources */ = {isa = PBXBuildFile; fileRef = 4005886A25FBA72E00C518CC /* YTHandDetector.bundle */; };
		4005887725FBA72E00C518CC /* MSFMLandmarks46_relandmark_models.xbin in Resources */ = {isa = PBXBuildFile; fileRef = 4005886B25FBA72E00C518CC /* MSFMLandmarks46_relandmark_models.xbin */; };
		4005887825FBA72E00C518CC /* RPNSegmenter.bundle in Resources */ = {isa = PBXBuildFile; fileRef = 4005886C25FBA72E00C518CC /* RPNSegmenter.bundle */; };
		4005887925FBA72E00C518CC /* e1 in Resources */ = {isa = PBXBuildFile; fileRef = 4005886D25FBA72E00C518CC /* e1 */; };
		4005887A25FBA72E00C518CC /* u1 in Resources */ = {isa = PBXBuildFile; fileRef = 4005886E25FBA72E00C518CC /* u1 */; };
		4005887B25FBA72E00C518CC /* v1 in Resources */ = {isa = PBXBuildFile; fileRef = 4005886F25FBA72E00C518CC /* v1 */; };
		4005887C25FBA72E00C518CC /* detector.bundle in Resources */ = {isa = PBXBuildFile; fileRef = 4005887025FBA72E00C518CC /* detector.bundle */; };
		4005887D25FBA72E00C518CC /* AECore.metallib in Resources */ = {isa = PBXBuildFile; fileRef = 4005887125FBA72E00C518CC /* AECore.metallib */; };
		4005887E25FBA72E00C518CC /* o1 in Resources */ = {isa = PBXBuildFile; fileRef = 4005887225FBA72E00C518CC /* o1 */; };
		4005887F25FBA72E00C518CC /* poseest.bundle in Resources */ = {isa = PBXBuildFile; fileRef = 4005887325FBA72E00C518CC /* poseest.bundle */; };
		4005888025FBA72E00C518CC /* FilterEngine.bundle in Resources */ = {isa = PBXBuildFile; fileRef = 4005887425FBA72E00C518CC /* FilterEngine.bundle */; };
		4005888125FBA72E00C518CC /* ufa.bundle in Resources */ = {isa = PBXBuildFile; fileRef = 4005887525FBA72E00C518CC /* ufa.bundle */; };
		409A4488286C3630004033CB /* ReplayKit.framework in Frameworks */ = {isa = PBXBuildFile; fileRef = 409A4487286C3630004033CB /* ReplayKit.framework */; };
		40A37345246A3916004E3FC7 /* Bugly.framework in Frameworks */ = {isa = PBXBuildFile; fileRef = 40A37344246A3916004E3FC7 /* Bugly.framework */; };
		40E96180283BB09D00D4C80F /* GLKit.framework in Frameworks */ = {isa = PBXBuildFile; fileRef = 40E9617F283BB09D00D4C80F /* GLKit.framework */; };
		40E96184283BB0E800D4C80F /* MetalKit.framework in Frameworks */ = {isa = PBXBuildFile; fileRef = 40E96183283BB0E800D4C80F /* MetalKit.framework */; };
		40E96186283BB38800D4C80F /* CoreServices.framework in Frameworks */ = {isa = PBXBuildFile; fileRef = 40E96185283BB38800D4C80F /* CoreServices.framework */; };
		40F4D6822473EC9800847F5B /* TVCUtils.m in Sources */ = {isa = PBXBuildFile; fileRef = 40F4D66A2473EC9800847F5B /* TVCUtils.m */; };
		40F4D6832473EC9800847F5B /* TXUGCPublish.m in Sources */ = {isa = PBXBuildFile; fileRef = 40F4D66C2473EC9800847F5B /* TXUGCPublish.m */; };
		40F4D6842473EC9800847F5B /* TXUGCPublishUtil.m in Sources */ = {isa = PBXBuildFile; fileRef = 40F4D6712473EC9800847F5B /* TXUGCPublishUtil.m */; };
		40F4D6852473EC9800847F5B /* TVCReport.m in Sources */ = {isa = PBXBuildFile; fileRef = 40F4D6722473EC9800847F5B /* TVCReport.m */; };
		40F4D6862473EC9800847F5B /* TVCCommon.m in Sources */ = {isa = PBXBuildFile; fileRef = 40F4D6742473EC9800847F5B /* TVCCommon.m */; };
		40F4D6872473EC9800847F5B /* QCloudCOSXML.framework in Frameworks */ = {isa = PBXBuildFile; fileRef = 40F4D6772473EC9800847F5B /* QCloudCOSXML.framework */; };
		40F4D6882473EC9800847F5B /* libmtasdk.a in Frameworks */ = {isa = PBXBuildFile; fileRef = 40F4D6782473EC9800847F5B /* libmtasdk.a */; };
		40F4D6892473EC9800847F5B /* QCloudCore.framework in Frameworks */ = {isa = PBXBuildFile; fileRef = 40F4D6792473EC9800847F5B /* QCloudCore.framework */; };
		40F4D68A2473EC9800847F5B /* TVCHttpMessageURLProtocol.m in Sources */ = {isa = PBXBuildFile; fileRef = 40F4D67A2473EC9800847F5B /* TVCHttpMessageURLProtocol.m */; };
		40F4D68B2473EC9800847F5B /* TXUGCPublishOptCenter.m in Sources */ = {isa = PBXBuildFile; fileRef = 40F4D67B2473EC9800847F5B /* TXUGCPublishOptCenter.m */; };
		40F4D68C2473EC9800847F5B /* TVCClient.m in Sources */ = {isa = PBXBuildFile; fileRef = 40F4D67F2473EC9800847F5B /* TVCClient.m */; };
		40F4D68D2473EC9800847F5B /* TVCClientInner.m in Sources */ = {isa = PBXBuildFile; fileRef = 40F4D6812473EC9800847F5B /* TVCClientInner.m */; };
		453DE2B52379458A0083E759 /* AppDelegate.m in Sources */ = {isa = PBXBuildFile; fileRef = 453DE2B42379458A0083E759 /* AppDelegate.m */; };
		453DE2BB2379458A0083E759 /* ViewController.m in Sources */ = {isa = PBXBuildFile; fileRef = 453DE2BA2379458A0083E759 /* ViewController.m */; };
		453DE2BE2379458A0083E759 /* Main.storyboard in Resources */ = {isa = PBXBuildFile; fileRef = 453DE2BC2379458A0083E759 /* Main.storyboard */; };
		453DE2C32379458C0083E759 /* LaunchScreen.storyboard in Resources */ = {isa = PBXBuildFile; fileRef = 453DE2C12379458C0083E759 /* LaunchScreen.storyboard */; };
		453DE2C62379458C0083E759 /* main.m in Sources */ = {isa = PBXBuildFile; fileRef = 453DE2C52379458C0083E759 /* main.m */; };
		454616A923797B9F009CDF83 /* TCMainViewController.m in Sources */ = {isa = PBXBuildFile; fileRef = 454616A823797B9F009CDF83 /* TCMainViewController.m */; };
		454616AD23797BC8009CDF83 /* TCEditUserInfoViewController.m in Sources */ = {isa = PBXBuildFile; fileRef = 454616AB23797BC8009CDF83 /* TCEditUserInfoViewController.m */; };
		454616B223797BD3009CDF83 /* TCUserInfoCell.m in Sources */ = {isa = PBXBuildFile; fileRef = 454616AF23797BD2009CDF83 /* TCUserInfoCell.m */; };
		454616B323797BD3009CDF83 /* TCAccountInfoViewController.m in Sources */ = {isa = PBXBuildFile; fileRef = 454616B023797BD3009CDF83 /* TCAccountInfoViewController.m */; };
		454616BB23797BED009CDF83 /* TCVideoListCell.m in Sources */ = {isa = PBXBuildFile; fileRef = 454616B623797BED009CDF83 /* TCVideoListCell.m */; };
		454616BC23797BED009CDF83 /* TCLiveListModel.m in Sources */ = {isa = PBXBuildFile; fileRef = 454616B723797BED009CDF83 /* TCLiveListModel.m */; };
		454616BD23797BED009CDF83 /* TCVideoListViewController.m in Sources */ = {isa = PBXBuildFile; fileRef = 454616BA23797BED009CDF83 /* TCVideoListViewController.m */; };
		454616D823797D77009CDF83 /* TCUtil.m in Sources */ = {isa = PBXBuildFile; fileRef = 454616D623797D77009CDF83 /* TCUtil.m */; };
		454616DB23797D82009CDF83 /* TCLog.m in Sources */ = {isa = PBXBuildFile; fileRef = 454616DA23797D82009CDF83 /* TCLog.m */; };
		454616E023797DB2009CDF83 /* TCUserInfoModel.m in Sources */ = {isa = PBXBuildFile; fileRef = 454616DE23797DB2009CDF83 /* TCUserInfoModel.m */; };
		454616E623797DCE009CDF83 /* TCLoginParam.m in Sources */ = {isa = PBXBuildFile; fileRef = 454616E223797DCE009CDF83 /* TCLoginParam.m */; };
		454616E723797DCE009CDF83 /* TCLoginModel.m in Sources */ = {isa = PBXBuildFile; fileRef = 454616E323797DCE009CDF83 /* TCLoginModel.m */; };
		454616EF23797DEA009CDF83 /* TXWechatInfoView.m in Sources */ = {isa = PBXBuildFile; fileRef = 454616E923797DEA009CDF83 /* TXWechatInfoView.m */; };
		454616F023797DEA009CDF83 /* TCLoginViewController.m in Sources */ = {isa = PBXBuildFile; fileRef = 454616EA23797DEA009CDF83 /* TCLoginViewController.m */; };
		454616F123797DEA009CDF83 /* TCRegisterViewController.m in Sources */ = {isa = PBXBuildFile; fileRef = 454616EC23797DEA009CDF83 /* TCRegisterViewController.m */; };
		454616F623797E3D009CDF83 /* TCUploadHelper.m in Sources */ = {isa = PBXBuildFile; fileRef = 454616F523797E3D009CDF83 /* TCUploadHelper.m */; };
		454616F923797E50009CDF83 /* HUDHelper.m in Sources */ = {isa = PBXBuildFile; fileRef = 454616F723797E50009CDF83 /* HUDHelper.m */; };
		455AAEDB237AB69600AF4A3C /* QCloudAuthentationHeadV5Creator.m in Sources */ = {isa = PBXBuildFile; fileRef = 455AAEDA237AB69600AF4A3C /* QCloudAuthentationHeadV5Creator.m */; };
		455AAEEB237ABBAA00AF4A3C /* libc++.tbd in Frameworks */ = {isa = PBXBuildFile; fileRef = 455AAEEA237ABBAA00AF4A3C /* libc++.tbd */; };
		455AAEED237ABBAE00AF4A3C /* libresolv.tbd in Frameworks */ = {isa = PBXBuildFile; fileRef = 455AAEEC237ABBAE00AF4A3C /* libresolv.tbd */; };
		455AAEEF237ABBB300AF4A3C /* OpenAL.framework in Frameworks */ = {isa = PBXBuildFile; fileRef = 455AAEEE237ABBB300AF4A3C /* OpenAL.framework */; };
		455AAEF1237ABBB900AF4A3C /* libsqlite3.tbd in Frameworks */ = {isa = PBXBuildFile; fileRef = 455AAEF0237ABBB800AF4A3C /* libsqlite3.tbd */; };
		455AAF0A237AEF3C00AF4A3C /* Localizable.strings in Resources */ = {isa = PBXBuildFile; fileRef = 455AAF0C237AEF3C00AF4A3C /* Localizable.strings */; };
		455AB05E237BED1800AF4A3C /* AssetsLibrary.framework in Frameworks */ = {isa = PBXBuildFile; fileRef = 455AB05D237BED1800AF4A3C /* AssetsLibrary.framework */; };
		457BFBDB23901362004017FE /* InfoPlist.strings in Resources */ = {isa = PBXBuildFile; fileRef = 457BFBDD23901362004017FE /* InfoPlist.strings */; };
		45C56BCD237A97EB009BDB9F /* TCWebViewController.m in Sources */ = {isa = PBXBuildFile; fileRef = 45C56BCC237A97EB009BDB9F /* TCWebViewController.m */; };
		45C56BD0237A986F009BDB9F /* UIView+Additions.m in Sources */ = {isa = PBXBuildFile; fileRef = 45C56BCE237A986F009BDB9F /* UIView+Additions.m */; };
		45C56C30237A9BE5009BDB9F /* NSData+Common.m in Sources */ = {isa = PBXBuildFile; fileRef = 45C56C2C237A9BE4009BDB9F /* NSData+Common.m */; };
		45C56C31237A9BE5009BDB9F /* NSString+Common.m in Sources */ = {isa = PBXBuildFile; fileRef = 45C56C2F237A9BE5009BDB9F /* NSString+Common.m */; };
		45C56C50237A9F2E009BDB9F /* TCVodPlayViewController.m in Sources */ = {isa = PBXBuildFile; fileRef = 45C56C48237A9F2D009BDB9F /* TCVodPlayViewController.m */; };
		45C56C51237A9F2E009BDB9F /* TCPlayDecorateView.m in Sources */ = {isa = PBXBuildFile; fileRef = 45C56C49237A9F2D009BDB9F /* TCPlayDecorateView.m */; };
		45C56C52237A9F2E009BDB9F /* TCPlayViewCell.m in Sources */ = {isa = PBXBuildFile; fileRef = 45C56C4E237A9F2E009BDB9F /* TCPlayViewCell.m */; };
		45C56C53237A9F2E009BDB9F /* TCBasePlayViewController.m in Sources */ = {isa = PBXBuildFile; fileRef = 45C56C4F237A9F2E009BDB9F /* TCBasePlayViewController.m */; };
		45C56C6A237AA12E009BDB9F /* TCVideoEditPrevViewController.xib in Resources */ = {isa = PBXBuildFile; fileRef = 45C56C63237AA12E009BDB9F /* TCVideoEditPrevViewController.xib */; };
		45C56C6B237AA12E009BDB9F /* TCVideoEditPrevViewController.m in Sources */ = {isa = PBXBuildFile; fileRef = 45C56C65237AA12E009BDB9F /* TCVideoEditPrevViewController.m */; };
		45C56C72237AA1E5009BDB9F /* TCVideoPublishController.m in Sources */ = {isa = PBXBuildFile; fileRef = 45C56C70237AA1E5009BDB9F /* TCVideoPublishController.m */; };
		45D52F74238D6998006F71FA /* PhotoUtil.m in Sources */ = {isa = PBXBuildFile; fileRef = 45D52F71238D6998006F71FA /* PhotoUtil.m */; };
		45D56F8B238E60FD008DA052 /* UGCKitWrapper.m in Sources */ = {isa = PBXBuildFile; fileRef = 45D56F8A238E60FD008DA052 /* UGCKitWrapper.m */; };
		45E8294B2384EB7800702418 /* TCNavigationController.m in Sources */ = {isa = PBXBuildFile; fileRef = 45E8294A2384EB7800702418 /* TCNavigationController.m */; };
		6E650EE327D6F5A900D37497 /* TCAvatarListCell.m in Sources */ = {isa = PBXBuildFile; fileRef = 6E650EE227D6F5A900D37497 /* TCAvatarListCell.m */; };
		6E650F2127DA15FE00D37497 /* AboutViewController.m in Sources */ = {isa = PBXBuildFile; fileRef = 6E650F2027DA15FE00D37497 /* AboutViewController.m */; };
		6E650F2427DB379100D37497 /* DetailViewController.m in Sources */ = {isa = PBXBuildFile; fileRef = 6E650F2327DB379100D37497 /* DetailViewController.m */; };
		6E650F2927DB490100D37497 /* SettingViewController.m in Sources */ = {isa = PBXBuildFile; fileRef = 6E650F2827DB490100D37497 /* SettingViewController.m */; };
		6E650F2C27DB4F1500D37497 /* DeleteAccountViewController.m in Sources */ = {isa = PBXBuildFile; fileRef = 6E650F2B27DB4F1500D37497 /* DeleteAccountViewController.m */; };
		BC42E64A1F750919B895C9AF /* Pods_XiaoShiPinApp.framework in Frameworks */ = {isa = PBXBuildFile; fileRef = 64C5E080F5371855F071110B /* Pods_XiaoShiPinApp.framework */; };
/* End PBXBuildFile section */

/* Begin PBXCopyFilesBuildPhase section */
		400443672837B61F00DAA0DE /* Embed Frameworks */ = {
			isa = PBXCopyFilesBuildPhase;
			buildActionMask = 2147483647;
			dstPath = "";
			dstSubfolderSpec = 10;
			files = (
				400443662837B61F00DAA0DE /* TXFFmpeg.xcframework in Embed Frameworks */,
				4004436A2837B62600DAA0DE /* TXSoundTouch.xcframework in Embed Frameworks */,
			);
			name = "Embed Frameworks";
			runOnlyForDeploymentPostprocessing = 0;
		};
/* End PBXCopyFilesBuildPhase section */

/* Begin PBXFileReference section */
		400443642837B61E00DAA0DE /* TXFFmpeg.xcframework */ = {isa = PBXFileReference; lastKnownFileType = wrapper.xcframework; name = TXFFmpeg.xcframework; path = ../../SDK/TXFFmpeg.xcframework; sourceTree = "<group>"; };
		400443682837B62600DAA0DE /* TXSoundTouch.xcframework */ = {isa = PBXFileReference; lastKnownFileType = wrapper.xcframework; name = TXSoundTouch.xcframework; path = ../../SDK/TXSoundTouch.xcframework; sourceTree = "<group>"; };
		4005886A25FBA72E00C518CC /* YTHandDetector.bundle */ = {isa = PBXFileReference; lastKnownFileType = "wrapper.plug-in"; path = YTHandDetector.bundle; sourceTree = "<group>"; };
		4005886B25FBA72E00C518CC /* MSFMLandmarks46_relandmark_models.xbin */ = {isa = PBXFileReference; lastKnownFileType = file; path = MSFMLandmarks46_relandmark_models.xbin; sourceTree = "<group>"; };
		4005886C25FBA72E00C518CC /* RPNSegmenter.bundle */ = {isa = PBXFileReference; lastKnownFileType = "wrapper.plug-in"; path = RPNSegmenter.bundle; sourceTree = "<group>"; };
		4005886D25FBA72E00C518CC /* e1 */ = {isa = PBXFileReference; lastKnownFileType = file; path = e1; sourceTree = "<group>"; };
		4005886E25FBA72E00C518CC /* u1 */ = {isa = PBXFileReference; lastKnownFileType = file; path = u1; sourceTree = "<group>"; };
		4005886F25FBA72E00C518CC /* v1 */ = {isa = PBXFileReference; lastKnownFileType = file; path = v1; sourceTree = "<group>"; };
		4005887025FBA72E00C518CC /* detector.bundle */ = {isa = PBXFileReference; lastKnownFileType = "wrapper.plug-in"; path = detector.bundle; sourceTree = "<group>"; };
		4005887125FBA72E00C518CC /* AECore.metallib */ = {isa = PBXFileReference; lastKnownFileType = "archive.metal-library"; path = AECore.metallib; sourceTree = "<group>"; };
		4005887225FBA72E00C518CC /* o1 */ = {isa = PBXFileReference; lastKnownFileType = file; path = o1; sourceTree = "<group>"; };
		4005887325FBA72E00C518CC /* poseest.bundle */ = {isa = PBXFileReference; lastKnownFileType = "wrapper.plug-in"; path = poseest.bundle; sourceTree = "<group>"; };
		4005887425FBA72E00C518CC /* FilterEngine.bundle */ = {isa = PBXFileReference; lastKnownFileType = "wrapper.plug-in"; path = FilterEngine.bundle; sourceTree = "<group>"; };
		4005887525FBA72E00C518CC /* ufa.bundle */ = {isa = PBXFileReference; lastKnownFileType = "wrapper.plug-in"; path = ufa.bundle; sourceTree = "<group>"; };
		409A4487286C3630004033CB /* ReplayKit.framework */ = {isa = PBXFileReference; lastKnownFileType = wrapper.framework; name = ReplayKit.framework; path = System/Library/Frameworks/ReplayKit.framework; sourceTree = SDKROOT; };
		40A37344246A3916004E3FC7 /* Bugly.framework */ = {isa = PBXFileReference; lastKnownFileType = wrapper.framework; name = Bugly.framework; path = XiaoShiPin/Frameworks/Bugly.framework; sourceTree = "<group>"; };
		40E9617F283BB09D00D4C80F /* GLKit.framework */ = {isa = PBXFileReference; lastKnownFileType = wrapper.framework; name = GLKit.framework; path = System/Library/Frameworks/GLKit.framework; sourceTree = SDKROOT; };
		40E96181283BB0A400D4C80F /* Metal.framework */ = {isa = PBXFileReference; lastKnownFileType = wrapper.framework; name = Metal.framework; path = System/Library/Frameworks/Metal.framework; sourceTree = SDKROOT; };
		40E96183283BB0E800D4C80F /* MetalKit.framework */ = {isa = PBXFileReference; lastKnownFileType = wrapper.framework; name = MetalKit.framework; path = System/Library/Frameworks/MetalKit.framework; sourceTree = SDKROOT; };
		40E96185283BB38800D4C80F /* CoreServices.framework */ = {isa = PBXFileReference; lastKnownFileType = wrapper.framework; name = CoreServices.framework; path = System/Library/Frameworks/CoreServices.framework; sourceTree = SDKROOT; };
		40F4D6682473EC9800847F5B /* TXUGCPublishOptCenter.h */ = {isa = PBXFileReference; fileEncoding = 4; lastKnownFileType = sourcecode.c.h; path = TXUGCPublishOptCenter.h; sourceTree = "<group>"; };
		40F4D6692473EC9800847F5B /* TVCHttpMessageURLProtocol.h */ = {isa = PBXFileReference; fileEncoding = 4; lastKnownFileType = sourcecode.c.h; path = TVCHttpMessageURLProtocol.h; sourceTree = "<group>"; };
		40F4D66A2473EC9800847F5B /* TVCUtils.m */ = {isa = PBXFileReference; fileEncoding = 4; lastKnownFileType = sourcecode.c.objc; path = TVCUtils.m; sourceTree = "<group>"; };
		40F4D66B2473EC9800847F5B /* TVCHeader.h */ = {isa = PBXFileReference; fileEncoding = 4; lastKnownFileType = sourcecode.c.h; path = TVCHeader.h; sourceTree = "<group>"; };
		40F4D66C2473EC9800847F5B /* TXUGCPublish.m */ = {isa = PBXFileReference; fileEncoding = 4; lastKnownFileType = sourcecode.c.objc; path = TXUGCPublish.m; sourceTree = "<group>"; };
		40F4D66E2473EC9800847F5B /* TXUGCPublishListener.h */ = {isa = PBXFileReference; fileEncoding = 4; lastKnownFileType = sourcecode.c.h; path = TXUGCPublishListener.h; sourceTree = "<group>"; };
		40F4D66F2473EC9800847F5B /* TXUGCPublishTypeDef.h */ = {isa = PBXFileReference; fileEncoding = 4; lastKnownFileType = sourcecode.c.h; path = TXUGCPublishTypeDef.h; sourceTree = "<group>"; };
		40F4D6702473EC9800847F5B /* TXUGCPublish.h */ = {isa = PBXFileReference; fileEncoding = 4; lastKnownFileType = sourcecode.c.h; path = TXUGCPublish.h; sourceTree = "<group>"; };
		40F4D6712473EC9800847F5B /* TXUGCPublishUtil.m */ = {isa = PBXFileReference; fileEncoding = 4; lastKnownFileType = sourcecode.c.objc; path = TXUGCPublishUtil.m; sourceTree = "<group>"; };
		40F4D6722473EC9800847F5B /* TVCReport.m */ = {isa = PBXFileReference; fileEncoding = 4; lastKnownFileType = sourcecode.c.objc; path = TVCReport.m; sourceTree = "<group>"; };
		40F4D6732473EC9800847F5B /* TVCClientInner.h */ = {isa = PBXFileReference; fileEncoding = 4; lastKnownFileType = sourcecode.c.h; path = TVCClientInner.h; sourceTree = "<group>"; };
		40F4D6742473EC9800847F5B /* TVCCommon.m */ = {isa = PBXFileReference; fileEncoding = 4; lastKnownFileType = sourcecode.c.objc; path = TVCCommon.m; sourceTree = "<group>"; };
		40F4D6752473EC9800847F5B /* TVCClient.h */ = {isa = PBXFileReference; fileEncoding = 4; lastKnownFileType = sourcecode.c.h; path = TVCClient.h; sourceTree = "<group>"; };
		40F4D6772473EC9800847F5B /* QCloudCOSXML.framework */ = {isa = PBXFileReference; lastKnownFileType = wrapper.framework; path = QCloudCOSXML.framework; sourceTree = "<group>"; };
		40F4D6782473EC9800847F5B /* libmtasdk.a */ = {isa = PBXFileReference; lastKnownFileType = archive.ar; path = libmtasdk.a; sourceTree = "<group>"; };
		40F4D6792473EC9800847F5B /* QCloudCore.framework */ = {isa = PBXFileReference; lastKnownFileType = wrapper.framework; path = QCloudCore.framework; sourceTree = "<group>"; };
		40F4D67A2473EC9800847F5B /* TVCHttpMessageURLProtocol.m */ = {isa = PBXFileReference; fileEncoding = 4; lastKnownFileType = sourcecode.c.objc; path = TVCHttpMessageURLProtocol.m; sourceTree = "<group>"; };
		40F4D67B2473EC9800847F5B /* TXUGCPublishOptCenter.m */ = {isa = PBXFileReference; fileEncoding = 4; lastKnownFileType = sourcecode.c.objc; path = TXUGCPublishOptCenter.m; sourceTree = "<group>"; };
		40F4D67C2473EC9800847F5B /* TVCReport.h */ = {isa = PBXFileReference; fileEncoding = 4; lastKnownFileType = sourcecode.c.h; path = TVCReport.h; sourceTree = "<group>"; };
		40F4D67D2473EC9800847F5B /* TXUGCPublishUtil.h */ = {isa = PBXFileReference; fileEncoding = 4; lastKnownFileType = sourcecode.c.h; path = TXUGCPublishUtil.h; sourceTree = "<group>"; };
		40F4D67E2473EC9800847F5B /* TVCUtils.h */ = {isa = PBXFileReference; fileEncoding = 4; lastKnownFileType = sourcecode.c.h; path = TVCUtils.h; sourceTree = "<group>"; };
		40F4D67F2473EC9800847F5B /* TVCClient.m */ = {isa = PBXFileReference; fileEncoding = 4; lastKnownFileType = sourcecode.c.objc; path = TVCClient.m; sourceTree = "<group>"; };
		40F4D6802473EC9800847F5B /* TVCCommon.h */ = {isa = PBXFileReference; fileEncoding = 4; lastKnownFileType = sourcecode.c.h; path = TVCCommon.h; sourceTree = "<group>"; };
		40F4D6812473EC9800847F5B /* TVCClientInner.m */ = {isa = PBXFileReference; fileEncoding = 4; lastKnownFileType = sourcecode.c.objc; path = TVCClientInner.m; sourceTree = "<group>"; };
		453DE2B02379458A0083E759 /* XiaoShiPinApp.app */ = {isa = PBXFileReference; explicitFileType = wrapper.application; includeInIndex = 0; path = XiaoShiPinApp.app; sourceTree = BUILT_PRODUCTS_DIR; };
		453DE2B32379458A0083E759 /* AppDelegate.h */ = {isa = PBXFileReference; lastKnownFileType = sourcecode.c.h; path = AppDelegate.h; sourceTree = "<group>"; };
		453DE2B42379458A0083E759 /* AppDelegate.m */ = {isa = PBXFileReference; lastKnownFileType = sourcecode.c.objc; path = AppDelegate.m; sourceTree = "<group>"; };
		453DE2B92379458A0083E759 /* ViewController.h */ = {isa = PBXFileReference; lastKnownFileType = sourcecode.c.h; path = ViewController.h; sourceTree = "<group>"; };
		453DE2BA2379458A0083E759 /* ViewController.m */ = {isa = PBXFileReference; lastKnownFileType = sourcecode.c.objc; path = ViewController.m; sourceTree = "<group>"; };
		453DE2BD2379458A0083E759 /* Base */ = {isa = PBXFileReference; lastKnownFileType = file.storyboard; name = Base; path = Base.lproj/Main.storyboard; sourceTree = "<group>"; };
		453DE2BF2379458C0083E759 /* Assets.xcassets */ = {isa = PBXFileReference; lastKnownFileType = folder.assetcatalog; path = Assets.xcassets; sourceTree = "<group>"; };
		453DE2C22379458C0083E759 /* Base */ = {isa = PBXFileReference; lastKnownFileType = file.storyboard; name = Base; path = Base.lproj/LaunchScreen.storyboard; sourceTree = "<group>"; };
		453DE2C52379458C0083E759 /* main.m */ = {isa = PBXFileReference; lastKnownFileType = sourcecode.c.objc; path = main.m; sourceTree = "<group>"; };
		453EA3CA23A236D3007C45F2 /* FilterResource.bundle */ = {isa = PBXFileReference; lastKnownFileType = "wrapper.plug-in"; path = FilterResource.bundle; sourceTree = "<group>"; };
		454616A723797B9F009CDF83 /* TCMainViewController.h */ = {isa = PBXFileReference; fileEncoding = 4; lastKnownFileType = sourcecode.c.h; path = TCMainViewController.h; sourceTree = "<group>"; };
		454616A823797B9F009CDF83 /* TCMainViewController.m */ = {isa = PBXFileReference; fileEncoding = 4; lastKnownFileType = sourcecode.c.objc; path = TCMainViewController.m; sourceTree = "<group>"; };
		454616AB23797BC8009CDF83 /* TCEditUserInfoViewController.m */ = {isa = PBXFileReference; fileEncoding = 4; lastKnownFileType = sourcecode.c.objc; path = TCEditUserInfoViewController.m; sourceTree = "<group>"; };
		454616AC23797BC8009CDF83 /* TCEditUserInfoViewController.h */ = {isa = PBXFileReference; fileEncoding = 4; lastKnownFileType = sourcecode.c.h; path = TCEditUserInfoViewController.h; sourceTree = "<group>"; };
		454616AE23797BD2009CDF83 /* TCAccountInfoViewController.h */ = {isa = PBXFileReference; fileEncoding = 4; lastKnownFileType = sourcecode.c.h; path = TCAccountInfoViewController.h; sourceTree = "<group>"; };
		454616AF23797BD2009CDF83 /* TCUserInfoCell.m */ = {isa = PBXFileReference; fileEncoding = 4; lastKnownFileType = sourcecode.c.objc; path = TCUserInfoCell.m; sourceTree = "<group>"; };
		454616B023797BD3009CDF83 /* TCAccountInfoViewController.m */ = {isa = PBXFileReference; fileEncoding = 4; lastKnownFileType = sourcecode.c.objc; path = TCAccountInfoViewController.m; sourceTree = "<group>"; };
		454616B123797BD3009CDF83 /* TCUserInfoCell.h */ = {isa = PBXFileReference; fileEncoding = 4; lastKnownFileType = sourcecode.c.h; path = TCUserInfoCell.h; sourceTree = "<group>"; };
		454616B523797BED009CDF83 /* TCLiveListModel.h */ = {isa = PBXFileReference; fileEncoding = 4; lastKnownFileType = sourcecode.c.h; path = TCLiveListModel.h; sourceTree = "<group>"; };
		454616B623797BED009CDF83 /* TCVideoListCell.m */ = {isa = PBXFileReference; fileEncoding = 4; lastKnownFileType = sourcecode.c.objc; path = TCVideoListCell.m; sourceTree = "<group>"; };
		454616B723797BED009CDF83 /* TCLiveListModel.m */ = {isa = PBXFileReference; fileEncoding = 4; lastKnownFileType = sourcecode.c.objc; path = TCLiveListModel.m; sourceTree = "<group>"; };
		454616B823797BED009CDF83 /* TCVideoListViewController.h */ = {isa = PBXFileReference; fileEncoding = 4; lastKnownFileType = sourcecode.c.h; path = TCVideoListViewController.h; sourceTree = "<group>"; };
		454616B923797BED009CDF83 /* TCVideoListCell.h */ = {isa = PBXFileReference; fileEncoding = 4; lastKnownFileType = sourcecode.c.h; path = TCVideoListCell.h; sourceTree = "<group>"; };
		454616BA23797BED009CDF83 /* TCVideoListViewController.m */ = {isa = PBXFileReference; fileEncoding = 4; lastKnownFileType = sourcecode.c.objc; path = TCVideoListViewController.m; sourceTree = "<group>"; };
		454616D623797D77009CDF83 /* TCUtil.m */ = {isa = PBXFileReference; fileEncoding = 4; lastKnownFileType = sourcecode.c.objc; path = TCUtil.m; sourceTree = "<group>"; };
		454616D723797D77009CDF83 /* TCUtil.h */ = {isa = PBXFileReference; fileEncoding = 4; lastKnownFileType = sourcecode.c.h; path = TCUtil.h; sourceTree = "<group>"; };
		454616D923797D82009CDF83 /* TCLog.h */ = {isa = PBXFileReference; fileEncoding = 4; lastKnownFileType = sourcecode.c.h; path = TCLog.h; sourceTree = "<group>"; };
		454616DA23797D82009CDF83 /* TCLog.m */ = {isa = PBXFileReference; fileEncoding = 4; lastKnownFileType = sourcecode.c.objc; path = TCLog.m; sourceTree = "<group>"; };
		454616DC23797D91009CDF83 /* SDKHeader.h */ = {isa = PBXFileReference; fileEncoding = 4; lastKnownFileType = sourcecode.c.h; path = SDKHeader.h; sourceTree = "<group>"; };
		454616DE23797DB2009CDF83 /* TCUserInfoModel.m */ = {isa = PBXFileReference; fileEncoding = 4; lastKnownFileType = sourcecode.c.objc; path = TCUserInfoModel.m; sourceTree = "<group>"; };
		454616DF23797DB2009CDF83 /* TCUserInfoModel.h */ = {isa = PBXFileReference; fileEncoding = 4; lastKnownFileType = sourcecode.c.h; path = TCUserInfoModel.h; sourceTree = "<group>"; };
		454616E223797DCE009CDF83 /* TCLoginParam.m */ = {isa = PBXFileReference; fileEncoding = 4; lastKnownFileType = sourcecode.c.objc; path = TCLoginParam.m; sourceTree = "<group>"; };
		454616E323797DCE009CDF83 /* TCLoginModel.m */ = {isa = PBXFileReference; fileEncoding = 4; lastKnownFileType = sourcecode.c.objc; path = TCLoginModel.m; sourceTree = "<group>"; };
		454616E423797DCE009CDF83 /* TCLoginModel.h */ = {isa = PBXFileReference; fileEncoding = 4; lastKnownFileType = sourcecode.c.h; path = TCLoginModel.h; sourceTree = "<group>"; };
		454616E523797DCE009CDF83 /* TCLoginParam.h */ = {isa = PBXFileReference; fileEncoding = 4; lastKnownFileType = sourcecode.c.h; path = TCLoginParam.h; sourceTree = "<group>"; };
		454616E923797DEA009CDF83 /* TXWechatInfoView.m */ = {isa = PBXFileReference; fileEncoding = 4; lastKnownFileType = sourcecode.c.objc; path = TXWechatInfoView.m; sourceTree = "<group>"; };
		454616EA23797DEA009CDF83 /* TCLoginViewController.m */ = {isa = PBXFileReference; fileEncoding = 4; lastKnownFileType = sourcecode.c.objc; path = TCLoginViewController.m; sourceTree = "<group>"; };
		454616EB23797DEA009CDF83 /* TCRegisterViewController.h */ = {isa = PBXFileReference; fileEncoding = 4; lastKnownFileType = sourcecode.c.h; path = TCRegisterViewController.h; sourceTree = "<group>"; };
		454616EC23797DEA009CDF83 /* TCRegisterViewController.m */ = {isa = PBXFileReference; fileEncoding = 4; lastKnownFileType = sourcecode.c.objc; path = TCRegisterViewController.m; sourceTree = "<group>"; };
		454616ED23797DEA009CDF83 /* TXWechatInfoView.h */ = {isa = PBXFileReference; fileEncoding = 4; lastKnownFileType = sourcecode.c.h; path = TXWechatInfoView.h; sourceTree = "<group>"; };
		454616EE23797DEA009CDF83 /* TCLoginViewController.h */ = {isa = PBXFileReference; fileEncoding = 4; lastKnownFileType = sourcecode.c.h; path = TCLoginViewController.h; sourceTree = "<group>"; };
		454616F223797E00009CDF83 /* TCConstants.h */ = {isa = PBXFileReference; lastKnownFileType = sourcecode.c.h; path = TCConstants.h; sourceTree = "<group>"; };
		454616F323797E16009CDF83 /* ColorMacro.h */ = {isa = PBXFileReference; lastKnownFileType = sourcecode.c.h; path = ColorMacro.h; sourceTree = "<group>"; };
		454616F423797E3D009CDF83 /* TCUploadHelper.h */ = {isa = PBXFileReference; fileEncoding = 4; lastKnownFileType = sourcecode.c.h; path = TCUploadHelper.h; sourceTree = "<group>"; };
		454616F523797E3D009CDF83 /* TCUploadHelper.m */ = {isa = PBXFileReference; fileEncoding = 4; lastKnownFileType = sourcecode.c.objc; path = TCUploadHelper.m; sourceTree = "<group>"; };
		454616F723797E50009CDF83 /* HUDHelper.m */ = {isa = PBXFileReference; fileEncoding = 4; lastKnownFileType = sourcecode.c.objc; path = HUDHelper.m; sourceTree = "<group>"; };
		454616F823797E50009CDF83 /* HUDHelper.h */ = {isa = PBXFileReference; fileEncoding = 4; lastKnownFileType = sourcecode.c.h; path = HUDHelper.h; sourceTree = "<group>"; };
		455AAED9237AB69500AF4A3C /* QCloudAuthentationHeadV5Creator.h */ = {isa = PBXFileReference; fileEncoding = 4; lastKnownFileType = sourcecode.c.h; path = QCloudAuthentationHeadV5Creator.h; sourceTree = "<group>"; };
		455AAEDA237AB69600AF4A3C /* QCloudAuthentationHeadV5Creator.m */ = {isa = PBXFileReference; fileEncoding = 4; lastKnownFileType = sourcecode.c.objc; path = QCloudAuthentationHeadV5Creator.m; sourceTree = "<group>"; };
		455AAEEA237ABBAA00AF4A3C /* libc++.tbd */ = {isa = PBXFileReference; lastKnownFileType = "sourcecode.text-based-dylib-definition"; name = "libc++.tbd"; path = "usr/lib/libc++.tbd"; sourceTree = SDKROOT; };
		455AAEEC237ABBAE00AF4A3C /* libresolv.tbd */ = {isa = PBXFileReference; lastKnownFileType = "sourcecode.text-based-dylib-definition"; name = libresolv.tbd; path = usr/lib/libresolv.tbd; sourceTree = SDKROOT; };
		455AAEEE237ABBB300AF4A3C /* OpenAL.framework */ = {isa = PBXFileReference; lastKnownFileType = wrapper.framework; name = OpenAL.framework; path = System/Library/Frameworks/OpenAL.framework; sourceTree = SDKROOT; };
		455AAEF0237ABBB800AF4A3C /* libsqlite3.tbd */ = {isa = PBXFileReference; lastKnownFileType = "sourcecode.text-based-dylib-definition"; name = libsqlite3.tbd; path = usr/lib/libsqlite3.tbd; sourceTree = SDKROOT; };
		455AAF03237ADA5900AF4A3C /* Mem.h */ = {isa = PBXFileReference; lastKnownFileType = sourcecode.c.h; path = Mem.h; sourceTree = "<group>"; };
		455AAF0B237AEF3C00AF4A3C /* en */ = {isa = PBXFileReference; lastKnownFileType = text.plist.strings; name = en; path = en.lproj/Localizable.strings; sourceTree = "<group>"; };
		455AAF0D237AEF4E00AF4A3C /* zh-Hans */ = {isa = PBXFileReference; lastKnownFileType = text.plist.strings; name = "zh-Hans"; path = "zh-Hans.lproj/Localizable.strings"; sourceTree = "<group>"; };
		455AB05D237BED1800AF4A3C /* AssetsLibrary.framework */ = {isa = PBXFileReference; lastKnownFileType = wrapper.framework; name = AssetsLibrary.framework; path = System/Library/Frameworks/AssetsLibrary.framework; sourceTree = SDKROOT; };
		457BFBD523901319004017FE /* zh-Hans */ = {isa = PBXFileReference; lastKnownFileType = text.plist.xml; name = "zh-Hans"; path = "zh-Hans.lproj/Info.plist"; sourceTree = "<group>"; };
		457BFBDC23901362004017FE /* en */ = {isa = PBXFileReference; lastKnownFileType = text.plist.strings; name = en; path = en.lproj/InfoPlist.strings; sourceTree = "<group>"; };
		457BFBDE23901364004017FE /* zh-Hans */ = {isa = PBXFileReference; lastKnownFileType = text.plist.strings; name = "zh-Hans"; path = "zh-Hans.lproj/InfoPlist.strings"; sourceTree = "<group>"; };
		45C56BCB237A97EB009BDB9F /* TCWebViewController.h */ = {isa = PBXFileReference; fileEncoding = 4; lastKnownFileType = sourcecode.c.h; path = TCWebViewController.h; sourceTree = "<group>"; };
		45C56BCC237A97EB009BDB9F /* TCWebViewController.m */ = {isa = PBXFileReference; fileEncoding = 4; lastKnownFileType = sourcecode.c.objc; path = TCWebViewController.m; sourceTree = "<group>"; };
		45C56BCE237A986F009BDB9F /* UIView+Additions.m */ = {isa = PBXFileReference; fileEncoding = 4; lastKnownFileType = sourcecode.c.objc; path = "UIView+Additions.m"; sourceTree = "<group>"; };
		45C56BCF237A986F009BDB9F /* UIView+Additions.h */ = {isa = PBXFileReference; fileEncoding = 4; lastKnownFileType = sourcecode.c.h; path = "UIView+Additions.h"; sourceTree = "<group>"; };
		45C56C2C237A9BE4009BDB9F /* NSData+Common.m */ = {isa = PBXFileReference; fileEncoding = 4; lastKnownFileType = sourcecode.c.objc; path = "NSData+Common.m"; sourceTree = "<group>"; };
		45C56C2D237A9BE4009BDB9F /* NSString+Common.h */ = {isa = PBXFileReference; fileEncoding = 4; lastKnownFileType = sourcecode.c.h; path = "NSString+Common.h"; sourceTree = "<group>"; };
		45C56C2E237A9BE5009BDB9F /* NSData+Common.h */ = {isa = PBXFileReference; fileEncoding = 4; lastKnownFileType = sourcecode.c.h; path = "NSData+Common.h"; sourceTree = "<group>"; };
		45C56C2F237A9BE5009BDB9F /* NSString+Common.m */ = {isa = PBXFileReference; fileEncoding = 4; lastKnownFileType = sourcecode.c.objc; path = "NSString+Common.m"; sourceTree = "<group>"; };
		45C56C48237A9F2D009BDB9F /* TCVodPlayViewController.m */ = {isa = PBXFileReference; fileEncoding = 4; lastKnownFileType = sourcecode.c.objc; path = TCVodPlayViewController.m; sourceTree = "<group>"; };
		45C56C49237A9F2D009BDB9F /* TCPlayDecorateView.m */ = {isa = PBXFileReference; fileEncoding = 4; lastKnownFileType = sourcecode.c.objc; path = TCPlayDecorateView.m; sourceTree = "<group>"; };
		45C56C4A237A9F2D009BDB9F /* TCPlayDecorateView.h */ = {isa = PBXFileReference; fileEncoding = 4; lastKnownFileType = sourcecode.c.h; path = TCPlayDecorateView.h; sourceTree = "<group>"; };
		45C56C4B237A9F2D009BDB9F /* TCVodPlayViewController.h */ = {isa = PBXFileReference; fileEncoding = 4; lastKnownFileType = sourcecode.c.h; path = TCVodPlayViewController.h; sourceTree = "<group>"; };
		45C56C4C237A9F2E009BDB9F /* TCPlayViewCell.h */ = {isa = PBXFileReference; fileEncoding = 4; lastKnownFileType = sourcecode.c.h; path = TCPlayViewCell.h; sourceTree = "<group>"; };
		45C56C4D237A9F2E009BDB9F /* TCBasePlayViewController.h */ = {isa = PBXFileReference; fileEncoding = 4; lastKnownFileType = sourcecode.c.h; path = TCBasePlayViewController.h; sourceTree = "<group>"; };
		45C56C4E237A9F2E009BDB9F /* TCPlayViewCell.m */ = {isa = PBXFileReference; fileEncoding = 4; lastKnownFileType = sourcecode.c.objc; path = TCPlayViewCell.m; sourceTree = "<group>"; };
		45C56C4F237A9F2E009BDB9F /* TCBasePlayViewController.m */ = {isa = PBXFileReference; fileEncoding = 4; lastKnownFileType = sourcecode.c.objc; path = TCBasePlayViewController.m; sourceTree = "<group>"; };
		45C56C61237AA12E009BDB9F /* TCVideoEditPrevViewController.h */ = {isa = PBXFileReference; fileEncoding = 4; lastKnownFileType = sourcecode.c.h; path = TCVideoEditPrevViewController.h; sourceTree = "<group>"; };
		45C56C63237AA12E009BDB9F /* TCVideoEditPrevViewController.xib */ = {isa = PBXFileReference; fileEncoding = 4; lastKnownFileType = file.xib; path = TCVideoEditPrevViewController.xib; sourceTree = "<group>"; };
		45C56C65237AA12E009BDB9F /* TCVideoEditPrevViewController.m */ = {isa = PBXFileReference; fileEncoding = 4; lastKnownFileType = sourcecode.c.objc; path = TCVideoEditPrevViewController.m; sourceTree = "<group>"; };
		45C56C70237AA1E5009BDB9F /* TCVideoPublishController.m */ = {isa = PBXFileReference; fileEncoding = 4; lastKnownFileType = sourcecode.c.objc; path = TCVideoPublishController.m; sourceTree = "<group>"; };
		45C56C71237AA1E5009BDB9F /* TCVideoPublishController.h */ = {isa = PBXFileReference; fileEncoding = 4; lastKnownFileType = sourcecode.c.h; path = TCVideoPublishController.h; sourceTree = "<group>"; };
		45D52F71238D6998006F71FA /* PhotoUtil.m */ = {isa = PBXFileReference; fileEncoding = 4; lastKnownFileType = sourcecode.c.objc; path = PhotoUtil.m; sourceTree = "<group>"; };
		45D52F73238D6998006F71FA /* PhotoUtil.h */ = {isa = PBXFileReference; fileEncoding = 4; lastKnownFileType = sourcecode.c.h; path = PhotoUtil.h; sourceTree = "<group>"; };
		45D56F89238E60FD008DA052 /* UGCKitWrapper.h */ = {isa = PBXFileReference; lastKnownFileType = sourcecode.c.h; path = UGCKitWrapper.h; sourceTree = "<group>"; };
		45D56F8A238E60FD008DA052 /* UGCKitWrapper.m */ = {isa = PBXFileReference; lastKnownFileType = sourcecode.c.objc; path = UGCKitWrapper.m; sourceTree = "<group>"; };
		45E829492384EB7800702418 /* TCNavigationController.h */ = {isa = PBXFileReference; lastKnownFileType = sourcecode.c.h; path = TCNavigationController.h; sourceTree = "<group>"; };
		45E8294A2384EB7800702418 /* TCNavigationController.m */ = {isa = PBXFileReference; lastKnownFileType = sourcecode.c.objc; path = TCNavigationController.m; sourceTree = "<group>"; };
		64C5E080F5371855F071110B /* Pods_XiaoShiPinApp.framework */ = {isa = PBXFileReference; explicitFileType = wrapper.framework; includeInIndex = 0; path = Pods_XiaoShiPinApp.framework; sourceTree = BUILT_PRODUCTS_DIR; };
		6E650EE127D6F5A900D37497 /* TCAvatarListCell.h */ = {isa = PBXFileReference; lastKnownFileType = sourcecode.c.h; path = TCAvatarListCell.h; sourceTree = "<group>"; };
		6E650EE227D6F5A900D37497 /* TCAvatarListCell.m */ = {isa = PBXFileReference; lastKnownFileType = sourcecode.c.objc; path = TCAvatarListCell.m; sourceTree = "<group>"; };
		6E650F1F27DA15FE00D37497 /* AboutViewController.h */ = {isa = PBXFileReference; lastKnownFileType = sourcecode.c.h; path = AboutViewController.h; sourceTree = "<group>"; };
		6E650F2027DA15FE00D37497 /* AboutViewController.m */ = {isa = PBXFileReference; lastKnownFileType = sourcecode.c.objc; path = AboutViewController.m; sourceTree = "<group>"; };
		6E650F2227DB379100D37497 /* DetailViewController.h */ = {isa = PBXFileReference; lastKnownFileType = sourcecode.c.h; path = DetailViewController.h; sourceTree = "<group>"; };
		6E650F2327DB379100D37497 /* DetailViewController.m */ = {isa = PBXFileReference; lastKnownFileType = sourcecode.c.objc; path = DetailViewController.m; sourceTree = "<group>"; };
		6E650F2727DB490100D37497 /* SettingViewController.h */ = {isa = PBXFileReference; lastKnownFileType = sourcecode.c.h; path = SettingViewController.h; sourceTree = "<group>"; };
		6E650F2827DB490100D37497 /* SettingViewController.m */ = {isa = PBXFileReference; lastKnownFileType = sourcecode.c.objc; path = SettingViewController.m; sourceTree = "<group>"; };
		6E650F2A27DB4F1500D37497 /* DeleteAccountViewController.h */ = {isa = PBXFileReference; lastKnownFileType = sourcecode.c.h; path = DeleteAccountViewController.h; sourceTree = "<group>"; };
		6E650F2B27DB4F1500D37497 /* DeleteAccountViewController.m */ = {isa = PBXFileReference; lastKnownFileType = sourcecode.c.objc; path = DeleteAccountViewController.m; sourceTree = "<group>"; };
		7216AF6672BE96A755F9A006 /* Pods-XiaoShiPinApp.release.xcconfig */ = {isa = PBXFileReference; includeInIndex = 1; lastKnownFileType = text.xcconfig; name = "Pods-XiaoShiPinApp.release.xcconfig"; path = "Target Support Files/Pods-XiaoShiPinApp/Pods-XiaoShiPinApp.release.xcconfig"; sourceTree = "<group>"; };
		8C0241A1CF41E8DFFB38B885 /* Pods-XiaoShiPinApp.debug.xcconfig */ = {isa = PBXFileReference; includeInIndex = 1; lastKnownFileType = text.xcconfig; name = "Pods-XiaoShiPinApp.debug.xcconfig"; path = "Target Support Files/Pods-XiaoShiPinApp/Pods-XiaoShiPinApp.debug.xcconfig"; sourceTree = "<group>"; };
		CA1752BBB634FB42BC710760 /* Pods-XiaoShiPinApp.dailybuild.xcconfig */ = {isa = PBXFileReference; includeInIndex = 1; lastKnownFileType = text.xcconfig; name = "Pods-XiaoShiPinApp.dailybuild.xcconfig"; path = "Target Support Files/Pods-XiaoShiPinApp/Pods-XiaoShiPinApp.dailybuild.xcconfig"; sourceTree = "<group>"; };
		CB266C9BB3B82849BFEABF0D /* TXLiteAVSDK_UGC.framework */ = {isa = PBXFileReference; lastKnownFileType = wrapper.framework; name = TXLiteAVSDK_UGC.framework; path = ../../SDK/TXLiteAVSDK_UGC.framework; sourceTree = "<group>"; };
/* End PBXFileReference section */

/* Begin PBXFrameworksBuildPhase section */
		453DE2AD2379458A0083E759 /* Frameworks */ = {
			isa = PBXFrameworksBuildPhase;
			buildActionMask = 2147483647;
			files = (
				409A4488286C3630004033CB /* ReplayKit.framework in Frameworks */,
				400443652837B61F00DAA0DE /* TXFFmpeg.xcframework in Frameworks */,
				40A37345246A3916004E3FC7 /* Bugly.framework in Frameworks */,
				40E96184283BB0E800D4C80F /* MetalKit.framework in Frameworks */,
				40F4D6872473EC9800847F5B /* QCloudCOSXML.framework in Frameworks */,
				40E96180283BB09D00D4C80F /* GLKit.framework in Frameworks */,
				455AB05E237BED1800AF4A3C /* AssetsLibrary.framework in Frameworks */,
				455AAEF1237ABBB900AF4A3C /* libsqlite3.tbd in Frameworks */,
				455AAEEF237ABBB300AF4A3C /* OpenAL.framework in Frameworks */,
				400443692837B62600DAA0DE /* TXSoundTouch.xcframework in Frameworks */,
				455AAEED237ABBAE00AF4A3C /* libresolv.tbd in Frameworks */,
				40F4D6892473EC9800847F5B /* QCloudCore.framework in Frameworks */,
				455AAEEB237ABBAA00AF4A3C /* libc++.tbd in Frameworks */,
				40F4D6882473EC9800847F5B /* libmtasdk.a in Frameworks */,
				BC42E64A1F750919B895C9AF /* Pods_XiaoShiPinApp.framework in Frameworks */,
				40E96186283BB38800D4C80F /* CoreServices.framework in Frameworks */,
				2E5E70A9346E3B3A45FF25BB /* TXLiteAVSDK_UGC.framework in Frameworks */,
			);
			runOnlyForDeploymentPostprocessing = 0;
		};
/* End PBXFrameworksBuildPhase section */

/* Begin PBXGroup section */
		2167295B00D22932B6FBBBAD /* Pods */ = {
			isa = PBXGroup;
			children = (
				8C0241A1CF41E8DFFB38B885 /* Pods-XiaoShiPinApp.debug.xcconfig */,
				7216AF6672BE96A755F9A006 /* Pods-XiaoShiPinApp.release.xcconfig */,
				CA1752BBB634FB42BC710760 /* Pods-XiaoShiPinApp.dailybuild.xcconfig */,
			);
			path = Pods;
			sourceTree = "<group>";
		};
		40F4D6672473EC9800847F5B /* VideoUpload */ = {
			isa = PBXGroup;
			children = (
				40F4D6682473EC9800847F5B /* TXUGCPublishOptCenter.h */,
				40F4D6692473EC9800847F5B /* TVCHttpMessageURLProtocol.h */,
				40F4D66A2473EC9800847F5B /* TVCUtils.m */,
				40F4D66B2473EC9800847F5B /* TVCHeader.h */,
				40F4D66C2473EC9800847F5B /* TXUGCPublish.m */,
				40F4D66D2473EC9800847F5B /* include */,
				40F4D6712473EC9800847F5B /* TXUGCPublishUtil.m */,
				40F4D6722473EC9800847F5B /* TVCReport.m */,
				40F4D6732473EC9800847F5B /* TVCClientInner.h */,
				40F4D6742473EC9800847F5B /* TVCCommon.m */,
				40F4D6752473EC9800847F5B /* TVCClient.h */,
				40F4D6762473EC9800847F5B /* COSSDK */,
				40F4D67A2473EC9800847F5B /* TVCHttpMessageURLProtocol.m */,
				40F4D67B2473EC9800847F5B /* TXUGCPublishOptCenter.m */,
				40F4D67C2473EC9800847F5B /* TVCReport.h */,
				40F4D67D2473EC9800847F5B /* TXUGCPublishUtil.h */,
				40F4D67E2473EC9800847F5B /* TVCUtils.h */,
				40F4D67F2473EC9800847F5B /* TVCClient.m */,
				40F4D6802473EC9800847F5B /* TVCCommon.h */,
				40F4D6812473EC9800847F5B /* TVCClientInner.m */,
			);
			path = VideoUpload;
			sourceTree = "<group>";
		};
		40F4D66D2473EC9800847F5B /* include */ = {
			isa = PBXGroup;
			children = (
				40F4D66E2473EC9800847F5B /* TXUGCPublishListener.h */,
				40F4D66F2473EC9800847F5B /* TXUGCPublishTypeDef.h */,
				40F4D6702473EC9800847F5B /* TXUGCPublish.h */,
			);
			path = include;
			sourceTree = "<group>";
		};
		40F4D6762473EC9800847F5B /* COSSDK */ = {
			isa = PBXGroup;
			children = (
				40F4D6772473EC9800847F5B /* QCloudCOSXML.framework */,
				40F4D6782473EC9800847F5B /* libmtasdk.a */,
				40F4D6792473EC9800847F5B /* QCloudCore.framework */,
			);
			path = COSSDK;
			sourceTree = "<group>";
		};
		4500A69D2382513900147B05 /* Assets */ = {
			isa = PBXGroup;
			children = (
				453EA3CA23A236D3007C45F2 /* FilterResource.bundle */,
				4500A74C2383DE2500147B05 /* pitu */,
			);
			path = Assets;
			sourceTree = "<group>";
		};
		4500A74C2383DE2500147B05 /* pitu */ = {
			isa = PBXGroup;
			children = (
				4005887125FBA72E00C518CC /* AECore.metallib */,
				4005887025FBA72E00C518CC /* detector.bundle */,
				4005886D25FBA72E00C518CC /* e1 */,
				4005887425FBA72E00C518CC /* FilterEngine.bundle */,
				4005886B25FBA72E00C518CC /* MSFMLandmarks46_relandmark_models.xbin */,
				4005887225FBA72E00C518CC /* o1 */,
				4005887325FBA72E00C518CC /* poseest.bundle */,
				4005886C25FBA72E00C518CC /* RPNSegmenter.bundle */,
				4005886E25FBA72E00C518CC /* u1 */,
				4005887525FBA72E00C518CC /* ufa.bundle */,
				4005886F25FBA72E00C518CC /* v1 */,
				4005886A25FBA72E00C518CC /* YTHandDetector.bundle */,
			);
			path = pitu;
			sourceTree = "<group>";
		};
		453DE2A72379458A0083E759 = {
			isa = PBXGroup;
			children = (
				453DE2B22379458A0083E759 /* XiaoShiPin */,
				453DE2B12379458A0083E759 /* Products */,
				453DE42323795B620083E759 /* Frameworks */,
				2167295B00D22932B6FBBBAD /* Pods */,
			);
			sourceTree = "<group>";
		};
		453DE2B12379458A0083E759 /* Products */ = {
			isa = PBXGroup;
			children = (
				453DE2B02379458A0083E759 /* XiaoShiPinApp.app */,
			);
			name = Products;
			sourceTree = "<group>";
		};
		453DE2B22379458A0083E759 /* XiaoShiPin */ = {
			isa = PBXGroup;
			children = (
				4500A69D2382513900147B05 /* Assets */,
				454616F223797E00009CDF83 /* TCConstants.h */,
				454616DC23797D91009CDF83 /* SDKHeader.h */,
				454616DD23797DA6009CDF83 /* Model */,
				454616D223797D6E009CDF83 /* Util */,
				454616A523797A32009CDF83 /* AppViewControllers */,
				454616FA23797E80009CDF83 /* Dependencies */,
				453DE2B32379458A0083E759 /* AppDelegate.h */,
				453DE2B42379458A0083E759 /* AppDelegate.m */,
				453DE2B92379458A0083E759 /* ViewController.h */,
				453DE2BA2379458A0083E759 /* ViewController.m */,
				453DE2BC2379458A0083E759 /* Main.storyboard */,
				453DE2BF2379458C0083E759 /* Assets.xcassets */,
				453DE2C12379458C0083E759 /* LaunchScreen.storyboard */,
				457BFBD623901319004017FE /* Info.plist */,
				453DE2C52379458C0083E759 /* main.m */,
				455AAF03237ADA5900AF4A3C /* Mem.h */,
				455AAF0C237AEF3C00AF4A3C /* Localizable.strings */,
				457BFBDD23901362004017FE /* InfoPlist.strings */,
			);
			path = XiaoShiPin;
			sourceTree = "<group>";
		};
		453DE42323795B620083E759 /* Frameworks */ = {
			isa = PBXGroup;
			children = (
				409A4487286C3630004033CB /* ReplayKit.framework */,
				40E96185283BB38800D4C80F /* CoreServices.framework */,
				40E96183283BB0E800D4C80F /* MetalKit.framework */,
				40E96181283BB0A400D4C80F /* Metal.framework */,
				40E9617F283BB09D00D4C80F /* GLKit.framework */,
				400443682837B62600DAA0DE /* TXSoundTouch.xcframework */,
				400443642837B61E00DAA0DE /* TXFFmpeg.xcframework */,
				40A37344246A3916004E3FC7 /* Bugly.framework */,
				455AB05D237BED1800AF4A3C /* AssetsLibrary.framework */,
				455AAEF0237ABBB800AF4A3C /* libsqlite3.tbd */,
				455AAEEE237ABBB300AF4A3C /* OpenAL.framework */,
				455AAEEC237ABBAE00AF4A3C /* libresolv.tbd */,
				455AAEEA237ABBAA00AF4A3C /* libc++.tbd */,
				64C5E080F5371855F071110B /* Pods_XiaoShiPinApp.framework */,
				CB266C9BB3B82849BFEABF0D /* TXLiteAVSDK_UGC.framework */,
			);
			name = Frameworks;
			sourceTree = "<group>";
		};
		454616A523797A32009CDF83 /* AppViewControllers */ = {
			isa = PBXGroup;
			children = (
				45D56F88238E60EE008DA052 /* UGCKitWrapper */,
				45E829482384EB5C00702418 /* NavigationController */,
				45C56C6F237AA1E5009BDB9F /* Publish */,
				45C56C5E237AA12E009BDB9F /* UGCVideoJoinDemo */,
				45C56C47237A9F22009BDB9F /* VideoPlayer */,
				454616E823797DDE009CDF83 /* Account */,
				454616B423797BE3009CDF83 /* MainList */,
				454616AA23797BB5009CDF83 /* AccountInfo */,
				454616A623797B92009CDF83 /* MainTab */,
			);
			path = AppViewControllers;
			sourceTree = "<group>";
		};
		454616A623797B92009CDF83 /* MainTab */ = {
			isa = PBXGroup;
			children = (
				454616A723797B9F009CDF83 /* TCMainViewController.h */,
				454616A823797B9F009CDF83 /* TCMainViewController.m */,
			);
			path = MainTab;
			sourceTree = "<group>";
		};
		454616AA23797BB5009CDF83 /* AccountInfo */ = {
			isa = PBXGroup;
			children = (
				45C56BCB237A97EB009BDB9F /* TCWebViewController.h */,
				45C56BCC237A97EB009BDB9F /* TCWebViewController.m */,
				454616B123797BD3009CDF83 /* TCUserInfoCell.h */,
				454616AF23797BD2009CDF83 /* TCUserInfoCell.m */,
				454616AE23797BD2009CDF83 /* TCAccountInfoViewController.h */,
				454616B023797BD3009CDF83 /* TCAccountInfoViewController.m */,
				454616AC23797BC8009CDF83 /* TCEditUserInfoViewController.h */,
				454616AB23797BC8009CDF83 /* TCEditUserInfoViewController.m */,
				6E650EE127D6F5A900D37497 /* TCAvatarListCell.h */,
				6E650EE227D6F5A900D37497 /* TCAvatarListCell.m */,
				6E650F1F27DA15FE00D37497 /* AboutViewController.h */,
				6E650F2027DA15FE00D37497 /* AboutViewController.m */,
				6E650F2227DB379100D37497 /* DetailViewController.h */,
				6E650F2327DB379100D37497 /* DetailViewController.m */,
				6E650F2727DB490100D37497 /* SettingViewController.h */,
				6E650F2827DB490100D37497 /* SettingViewController.m */,
				6E650F2A27DB4F1500D37497 /* DeleteAccountViewController.h */,
				6E650F2B27DB4F1500D37497 /* DeleteAccountViewController.m */,
			);
			path = AccountInfo;
			sourceTree = "<group>";
		};
		454616B423797BE3009CDF83 /* MainList */ = {
			isa = PBXGroup;
			children = (
				454616B523797BED009CDF83 /* TCLiveListModel.h */,
				454616B723797BED009CDF83 /* TCLiveListModel.m */,
				454616B923797BED009CDF83 /* TCVideoListCell.h */,
				454616B623797BED009CDF83 /* TCVideoListCell.m */,
				454616B823797BED009CDF83 /* TCVideoListViewController.h */,
				454616BA23797BED009CDF83 /* TCVideoListViewController.m */,
			);
			path = MainList;
			sourceTree = "<group>";
		};
		454616D223797D6E009CDF83 /* Util */ = {
			isa = PBXGroup;
			children = (
				45D52F73238D6998006F71FA /* PhotoUtil.h */,
				45D52F71238D6998006F71FA /* PhotoUtil.m */,
				455AAED9237AB69500AF4A3C /* QCloudAuthentationHeadV5Creator.h */,
				455AAEDA237AB69600AF4A3C /* QCloudAuthentationHeadV5Creator.m */,
				45C56BCF237A986F009BDB9F /* UIView+Additions.h */,
				45C56BCE237A986F009BDB9F /* UIView+Additions.m */,
				454616D923797D82009CDF83 /* TCLog.h */,
				454616DA23797D82009CDF83 /* TCLog.m */,
				454616D723797D77009CDF83 /* TCUtil.h */,
				454616D623797D77009CDF83 /* TCUtil.m */,
				454616F323797E16009CDF83 /* ColorMacro.h */,
				454616F423797E3D009CDF83 /* TCUploadHelper.h */,
				454616F523797E3D009CDF83 /* TCUploadHelper.m */,
				454616F823797E50009CDF83 /* HUDHelper.h */,
				454616F723797E50009CDF83 /* HUDHelper.m */,
				45C56C2E237A9BE5009BDB9F /* NSData+Common.h */,
				45C56C2C237A9BE4009BDB9F /* NSData+Common.m */,
				45C56C2D237A9BE4009BDB9F /* NSString+Common.h */,
				45C56C2F237A9BE5009BDB9F /* NSString+Common.m */,
			);
			path = Util;
			sourceTree = "<group>";
		};
		454616DD23797DA6009CDF83 /* Model */ = {
			isa = PBXGroup;
			children = (
				454616E123797DC8009CDF83 /* Login */,
				454616DF23797DB2009CDF83 /* TCUserInfoModel.h */,
				454616DE23797DB2009CDF83 /* TCUserInfoModel.m */,
			);
			path = Model;
			sourceTree = "<group>";
		};
		454616E123797DC8009CDF83 /* Login */ = {
			isa = PBXGroup;
			children = (
				454616E423797DCE009CDF83 /* TCLoginModel.h */,
				454616E323797DCE009CDF83 /* TCLoginModel.m */,
				454616E523797DCE009CDF83 /* TCLoginParam.h */,
				454616E223797DCE009CDF83 /* TCLoginParam.m */,
			);
			path = Login;
			sourceTree = "<group>";
		};
		454616E823797DDE009CDF83 /* Account */ = {
			isa = PBXGroup;
			children = (
				454616EE23797DEA009CDF83 /* TCLoginViewController.h */,
				454616EA23797DEA009CDF83 /* TCLoginViewController.m */,
				454616EB23797DEA009CDF83 /* TCRegisterViewController.h */,
				454616EC23797DEA009CDF83 /* TCRegisterViewController.m */,
				454616ED23797DEA009CDF83 /* TXWechatInfoView.h */,
				454616E923797DEA009CDF83 /* TXWechatInfoView.m */,
			);
			path = Account;
			sourceTree = "<group>";
		};
		454616FA23797E80009CDF83 /* Dependencies */ = {
			isa = PBXGroup;
			children = (
				40F4D6672473EC9800847F5B /* VideoUpload */,
			);
			path = Dependencies;
			sourceTree = "<group>";
		};
		45C56C47237A9F22009BDB9F /* VideoPlayer */ = {
			isa = PBXGroup;
			children = (
				45C56C4D237A9F2E009BDB9F /* TCBasePlayViewController.h */,
				45C56C4F237A9F2E009BDB9F /* TCBasePlayViewController.m */,
				45C56C4A237A9F2D009BDB9F /* TCPlayDecorateView.h */,
				45C56C49237A9F2D009BDB9F /* TCPlayDecorateView.m */,
				45C56C4C237A9F2E009BDB9F /* TCPlayViewCell.h */,
				45C56C4E237A9F2E009BDB9F /* TCPlayViewCell.m */,
				45C56C4B237A9F2D009BDB9F /* TCVodPlayViewController.h */,
				45C56C48237A9F2D009BDB9F /* TCVodPlayViewController.m */,
			);
			path = VideoPlayer;
			sourceTree = "<group>";
		};
		45C56C5E237AA12E009BDB9F /* UGCVideoJoinDemo */ = {
			isa = PBXGroup;
			children = (
				45C56C61237AA12E009BDB9F /* TCVideoEditPrevViewController.h */,
				45C56C65237AA12E009BDB9F /* TCVideoEditPrevViewController.m */,
				45C56C63237AA12E009BDB9F /* TCVideoEditPrevViewController.xib */,
			);
			path = UGCVideoJoinDemo;
			sourceTree = "<group>";
		};
		45C56C6F237AA1E5009BDB9F /* Publish */ = {
			isa = PBXGroup;
			children = (
				45C56C70237AA1E5009BDB9F /* TCVideoPublishController.m */,
				45C56C71237AA1E5009BDB9F /* TCVideoPublishController.h */,
			);
			path = Publish;
			sourceTree = "<group>";
		};
		45D56F88238E60EE008DA052 /* UGCKitWrapper */ = {
			isa = PBXGroup;
			children = (
				45D56F89238E60FD008DA052 /* UGCKitWrapper.h */,
				45D56F8A238E60FD008DA052 /* UGCKitWrapper.m */,
			);
			path = UGCKitWrapper;
			sourceTree = "<group>";
		};
		45E829482384EB5C00702418 /* NavigationController */ = {
			isa = PBXGroup;
			children = (
				45E829492384EB7800702418 /* TCNavigationController.h */,
				45E8294A2384EB7800702418 /* TCNavigationController.m */,
			);
			path = NavigationController;
			sourceTree = "<group>";
		};
/* End PBXGroup section */

/* Begin PBXNativeTarget section */
		453DE2AF2379458A0083E759 /* XiaoShiPinApp */ = {
			isa = PBXNativeTarget;
			buildConfigurationList = 453DE2C92379458C0083E759 /* Build configuration list for PBXNativeTarget "XiaoShiPinApp" */;
			buildPhases = (
				D7D37A540D4BD54FB786DF6D /* [CP] Check Pods Manifest.lock */,
				45E9083D239E957A00CEC8F1 /* ShellScript */,
				453DE2AC2379458A0083E759 /* Sources */,
				453DE2AD2379458A0083E759 /* Frameworks */,
				453DE2AE2379458A0083E759 /* Resources */,
				AF05FFE73C5D9761507FC255 /* [CP] Embed Pods Frameworks */,
				747C7675D6178C89E845A2CF /* [CP] Copy Pods Resources */,
				400443672837B61F00DAA0DE /* Embed Frameworks */,
			);
			buildRules = (
			);
			dependencies = (
			);
			name = XiaoShiPinApp;
			productName = XiaoShiPin;
			productReference = 453DE2B02379458A0083E759 /* XiaoShiPinApp.app */;
			productType = "com.apple.product-type.application";
		};
/* End PBXNativeTarget section */

/* Begin PBXProject section */
		453DE2A82379458A0083E759 /* Project object */ = {
			isa = PBXProject;
			attributes = {
				LastUpgradeCheck = 1110;
				ORGANIZATIONNAME = Tencent;
				TargetAttributes = {
					453DE2AF2379458A0083E759 = {
						CreatedOnToolsVersion = 11.1;
					};
				};
			};
			buildConfigurationList = 453DE2AB2379458A0083E759 /* Build configuration list for PBXProject "XiaoShiPinApp" */;
			compatibilityVersion = "Xcode 9.3";
			developmentRegion = en;
			hasScannedForEncodings = 0;
			knownRegions = (
				en,
				Base,
				"zh-Hans",
			);
			mainGroup = 453DE2A72379458A0083E759;
			productRefGroup = 453DE2B12379458A0083E759 /* Products */;
			projectDirPath = "";
			projectRoot = "";
			targets = (
				453DE2AF2379458A0083E759 /* XiaoShiPinApp */,
			);
		};
/* End PBXProject section */

/* Begin PBXResourcesBuildPhase section */
		453DE2AE2379458A0083E759 /* Resources */ = {
			isa = PBXResourcesBuildPhase;
			buildActionMask = 2147483647;
			files = (
				4005887625FBA72E00C518CC /* YTHandDetector.bundle in Resources */,
				457BFBDB23901362004017FE /* InfoPlist.strings in Resources */,
				453DE2C32379458C0083E759 /* LaunchScreen.storyboard in Resources */,
				455AAF0A237AEF3C00AF4A3C /* Localizable.strings in Resources */,
				4005887725FBA72E00C518CC /* MSFMLandmarks46_relandmark_models.xbin in Resources */,
				4005888125FBA72E00C518CC /* ufa.bundle in Resources */,
				4005887D25FBA72E00C518CC /* AECore.metallib in Resources */,
				4005887F25FBA72E00C518CC /* poseest.bundle in Resources */,
				4005887825FBA72E00C518CC /* RPNSegmenter.bundle in Resources */,
				4005887B25FBA72E00C518CC /* v1 in Resources */,
				4005887925FBA72E00C518CC /* e1 in Resources */,
				4005887A25FBA72E00C518CC /* u1 in Resources */,
				453DE2BE2379458A0083E759 /* Main.storyboard in Resources */,
				4005887C25FBA72E00C518CC /* detector.bundle in Resources */,
				4005888025FBA72E00C518CC /* FilterEngine.bundle in Resources */,
				4005887E25FBA72E00C518CC /* o1 in Resources */,
				1726EFBE2769DD4300C8E597 /* Assets.xcassets in Resources */,
				45C56C6A237AA12E009BDB9F /* TCVideoEditPrevViewController.xib in Resources */,
			);
			runOnlyForDeploymentPostprocessing = 0;
		};
/* End PBXResourcesBuildPhase section */

/* Begin PBXShellScriptBuildPhase section */
		45E9083D239E957A00CEC8F1 /* ShellScript */ = {
			isa = PBXShellScriptBuildPhase;
			buildActionMask = 2147483647;
			files = (
			);
			inputFileListPaths = (
			);
			inputPaths = (
			);
			outputFileListPaths = (
			);
			outputPaths = (
			);
			runOnlyForDeploymentPostprocessing = 0;
			shellPath = /bin/sh;
			shellScript = "# Type a script or drag a script file from your workspace to insert its path.\nif [ -e ../init.sh ]; then\nbash ../init.sh\nfi\n";
		};
		747C7675D6178C89E845A2CF /* [CP] Copy Pods Resources */ = {
			isa = PBXShellScriptBuildPhase;
			buildActionMask = 2147483647;
			files = (
			);
			inputFileListPaths = (
			);
			name = "[CP] Copy Pods Resources";
			outputFileListPaths = (
			);
			runOnlyForDeploymentPostprocessing = 0;
			shellPath = /bin/sh;
			shellScript = "\"${PODS_ROOT}/Target Support Files/Pods-XiaoShiPinApp/Pods-XiaoShiPinApp-resources.sh\"\n";
			showEnvVarsInLog = 0;
		};
		AF05FFE73C5D9761507FC255 /* [CP] Embed Pods Frameworks */ = {
			isa = PBXShellScriptBuildPhase;
			buildActionMask = 2147483647;
			files = (
			);
			inputFileListPaths = (
			);
			name = "[CP] Embed Pods Frameworks";
			outputFileListPaths = (
			);
			runOnlyForDeploymentPostprocessing = 0;
			shellPath = /bin/sh;
			shellScript = "\"${PODS_ROOT}/Target Support Files/Pods-XiaoShiPinApp/Pods-XiaoShiPinApp-frameworks.sh\"\n";
			showEnvVarsInLog = 0;
		};
		D7D37A540D4BD54FB786DF6D /* [CP] Check Pods Manifest.lock */ = {
			isa = PBXShellScriptBuildPhase;
			buildActionMask = 2147483647;
			files = (
			);
			inputFileListPaths = (
			);
			inputPaths = (
				"${PODS_PODFILE_DIR_PATH}/Podfile.lock",
				"${PODS_ROOT}/Manifest.lock",
			);
			name = "[CP] Check Pods Manifest.lock";
			outputFileListPaths = (
			);
			outputPaths = (
				"$(DERIVED_FILE_DIR)/Pods-XiaoShiPinApp-checkManifestLockResult.txt",
			);
			runOnlyForDeploymentPostprocessing = 0;
			shellPath = /bin/sh;
			shellScript = "diff \"${PODS_PODFILE_DIR_PATH}/Podfile.lock\" \"${PODS_ROOT}/Manifest.lock\" > /dev/null\nif [ $? != 0 ] ; then\n    # print error to STDERR\n    echo \"error: The sandbox is not in sync with the Podfile.lock. Run 'pod install' or update your CocoaPods installation.\" >&2\n    exit 1\nfi\n# This output is used by Xcode 'outputs' to avoid re-running this script phase.\necho \"SUCCESS\" > \"${SCRIPT_OUTPUT_FILE_0}\"\n";
			showEnvVarsInLog = 0;
		};
/* End PBXShellScriptBuildPhase section */

/* Begin PBXSourcesBuildPhase section */
		453DE2AC2379458A0083E759 /* Sources */ = {
			isa = PBXSourcesBuildPhase;
			buildActionMask = 2147483647;
			files = (
				454616E623797DCE009CDF83 /* TCLoginParam.m in Sources */,
				453DE2BB2379458A0083E759 /* ViewController.m in Sources */,
				40F4D68A2473EC9800847F5B /* TVCHttpMessageURLProtocol.m in Sources */,
				45C56C52237A9F2E009BDB9F /* TCPlayViewCell.m in Sources */,
				454616F623797E3D009CDF83 /* TCUploadHelper.m in Sources */,
				45C56BCD237A97EB009BDB9F /* TCWebViewController.m in Sources */,
				454616F123797DEA009CDF83 /* TCRegisterViewController.m in Sources */,
				454616F023797DEA009CDF83 /* TCLoginViewController.m in Sources */,
				454616B223797BD3009CDF83 /* TCUserInfoCell.m in Sources */,
				40F4D6852473EC9800847F5B /* TVCReport.m in Sources */,
				40F4D6822473EC9800847F5B /* TVCUtils.m in Sources */,
				454616B323797BD3009CDF83 /* TCAccountInfoViewController.m in Sources */,
				6E650F2927DB490100D37497 /* SettingViewController.m in Sources */,
				40F4D6832473EC9800847F5B /* TXUGCPublish.m in Sources */,
				454616DB23797D82009CDF83 /* TCLog.m in Sources */,
				454616E723797DCE009CDF83 /* TCLoginModel.m in Sources */,
				45E8294B2384EB7800702418 /* TCNavigationController.m in Sources */,
				45C56BD0237A986F009BDB9F /* UIView+Additions.m in Sources */,
				453DE2B52379458A0083E759 /* AppDelegate.m in Sources */,
				454616E023797DB2009CDF83 /* TCUserInfoModel.m in Sources */,
				6E650EE327D6F5A900D37497 /* TCAvatarListCell.m in Sources */,
				45D52F74238D6998006F71FA /* PhotoUtil.m in Sources */,
				454616A923797B9F009CDF83 /* TCMainViewController.m in Sources */,
				455AAEDB237AB69600AF4A3C /* QCloudAuthentationHeadV5Creator.m in Sources */,
				45D56F8B238E60FD008DA052 /* UGCKitWrapper.m in Sources */,
				454616D823797D77009CDF83 /* TCUtil.m in Sources */,
				6E650F2427DB379100D37497 /* DetailViewController.m in Sources */,
				45C56C51237A9F2E009BDB9F /* TCPlayDecorateView.m in Sources */,
				453DE2C62379458C0083E759 /* main.m in Sources */,
				45C56C6B237AA12E009BDB9F /* TCVideoEditPrevViewController.m in Sources */,
				45C56C31237A9BE5009BDB9F /* NSString+Common.m in Sources */,
				40F4D68B2473EC9800847F5B /* TXUGCPublishOptCenter.m in Sources */,
				45C56C53237A9F2E009BDB9F /* TCBasePlayViewController.m in Sources */,
				40F4D68C2473EC9800847F5B /* TVCClient.m in Sources */,
				454616BC23797BED009CDF83 /* TCLiveListModel.m in Sources */,
				40F4D6842473EC9800847F5B /* TXUGCPublishUtil.m in Sources */,
				454616F923797E50009CDF83 /* HUDHelper.m in Sources */,
				45C56C30237A9BE5009BDB9F /* NSData+Common.m in Sources */,
				6E650F2127DA15FE00D37497 /* AboutViewController.m in Sources */,
				6E650F2C27DB4F1500D37497 /* DeleteAccountViewController.m in Sources */,
				40F4D68D2473EC9800847F5B /* TVCClientInner.m in Sources */,
				45C56C72237AA1E5009BDB9F /* TCVideoPublishController.m in Sources */,
				454616EF23797DEA009CDF83 /* TXWechatInfoView.m in Sources */,
				454616BD23797BED009CDF83 /* TCVideoListViewController.m in Sources */,
				40F4D6862473EC9800847F5B /* TVCCommon.m in Sources */,
				454616BB23797BED009CDF83 /* TCVideoListCell.m in Sources */,
				45C56C50237A9F2E009BDB9F /* TCVodPlayViewController.m in Sources */,
				454616AD23797BC8009CDF83 /* TCEditUserInfoViewController.m in Sources */,
			);
			runOnlyForDeploymentPostprocessing = 0;
		};
/* End PBXSourcesBuildPhase section */

/* Begin PBXVariantGroup section */
		453DE2BC2379458A0083E759 /* Main.storyboard */ = {
			isa = PBXVariantGroup;
			children = (
				453DE2BD2379458A0083E759 /* Base */,
			);
			name = Main.storyboard;
			sourceTree = "<group>";
		};
		453DE2C12379458C0083E759 /* LaunchScreen.storyboard */ = {
			isa = PBXVariantGroup;
			children = (
				453DE2C22379458C0083E759 /* Base */,
			);
			name = LaunchScreen.storyboard;
			sourceTree = "<group>";
		};
		455AAF0C237AEF3C00AF4A3C /* Localizable.strings */ = {
			isa = PBXVariantGroup;
			children = (
				455AAF0B237AEF3C00AF4A3C /* en */,
				455AAF0D237AEF4E00AF4A3C /* zh-Hans */,
			);
			name = Localizable.strings;
			sourceTree = "<group>";
		};
		457BFBD623901319004017FE /* Info.plist */ = {
			isa = PBXVariantGroup;
			children = (
				457BFBD523901319004017FE /* zh-Hans */,
			);
			name = Info.plist;
			sourceTree = "<group>";
		};
		457BFBDD23901362004017FE /* InfoPlist.strings */ = {
			isa = PBXVariantGroup;
			children = (
				457BFBDC23901362004017FE /* en */,
				457BFBDE23901364004017FE /* zh-Hans */,
			);
			name = InfoPlist.strings;
			sourceTree = "<group>";
		};
/* End PBXVariantGroup section */

/* Begin XCBuildConfiguration section */
		453DE2C72379458C0083E759 /* Debug */ = {
			isa = XCBuildConfiguration;
			buildSettings = {
				ALWAYS_SEARCH_USER_PATHS = NO;
				CLANG_ANALYZER_LOCALIZABILITY_NONLOCALIZED = YES;
				CLANG_ANALYZER_NONNULL = YES;
				CLANG_ANALYZER_NUMBER_OBJECT_CONVERSION = YES_AGGRESSIVE;
				CLANG_CXX_LANGUAGE_STANDARD = "gnu++14";
				CLANG_CXX_LIBRARY = "libc++";
				CLANG_ENABLE_MODULES = YES;
				CLANG_ENABLE_OBJC_ARC = YES;
				CLANG_ENABLE_OBJC_WEAK = YES;
				CLANG_WARN_BLOCK_CAPTURE_AUTORELEASING = YES;
				CLANG_WARN_BOOL_CONVERSION = YES;
				CLANG_WARN_COMMA = YES;
				CLANG_WARN_CONSTANT_CONVERSION = YES;
				CLANG_WARN_DEPRECATED_OBJC_IMPLEMENTATIONS = YES;
				CLANG_WARN_DIRECT_OBJC_ISA_USAGE = YES_ERROR;
				CLANG_WARN_DOCUMENTATION_COMMENTS = YES;
				CLANG_WARN_EMPTY_BODY = YES;
				CLANG_WARN_ENUM_CONVERSION = YES;
				CLANG_WARN_INFINITE_RECURSION = YES;
				CLANG_WARN_INT_CONVERSION = YES;
				CLANG_WARN_NON_LITERAL_NULL_CONVERSION = YES;
				CLANG_WARN_OBJC_IMPLICIT_RETAIN_SELF = YES;
				CLANG_WARN_OBJC_LITERAL_CONVERSION = YES;
				CLANG_WARN_OBJC_ROOT_CLASS = YES_ERROR;
				CLANG_WARN_RANGE_LOOP_ANALYSIS = YES;
				CLANG_WARN_STRICT_PROTOTYPES = YES;
				CLANG_WARN_SUSPICIOUS_MOVE = YES;
				CLANG_WARN_UNGUARDED_AVAILABILITY = YES_AGGRESSIVE;
				CLANG_WARN_UNREACHABLE_CODE = YES;
				CLANG_WARN__DUPLICATE_METHOD_MATCH = YES;
				COPY_PHASE_STRIP = NO;
				DEBUG_INFORMATION_FORMAT = dwarf;
				ENABLE_STRICT_OBJC_MSGSEND = YES;
				ENABLE_TESTABILITY = YES;
				GCC_C_LANGUAGE_STANDARD = gnu11;
				GCC_DYNAMIC_NO_PIC = NO;
				GCC_NO_COMMON_BLOCKS = YES;
				GCC_OPTIMIZATION_LEVEL = 0;
				GCC_PREPROCESSOR_DEFINITIONS = (
					"DEBUG=1",
					"$(inherited)",
				);
				GCC_WARN_64_TO_32_BIT_CONVERSION = YES;
				GCC_WARN_ABOUT_RETURN_TYPE = YES_ERROR;
				GCC_WARN_UNDECLARED_SELECTOR = YES;
				GCC_WARN_UNINITIALIZED_AUTOS = YES_AGGRESSIVE;
				GCC_WARN_UNUSED_FUNCTION = YES;
				GCC_WARN_UNUSED_VARIABLE = YES;
				IPHONEOS_DEPLOYMENT_TARGET = 9.0;
				MTL_ENABLE_DEBUG_INFO = INCLUDE_SOURCE;
				MTL_FAST_MATH = YES;
				ONLY_ACTIVE_ARCH = YES;
				SDKROOT = iphoneos;
			};
			name = Debug;
		};
		453DE2C82379458C0083E759 /* Release */ = {
			isa = XCBuildConfiguration;
			buildSettings = {
				ALWAYS_SEARCH_USER_PATHS = NO;
				CLANG_ANALYZER_LOCALIZABILITY_NONLOCALIZED = YES;
				CLANG_ANALYZER_NONNULL = YES;
				CLANG_ANALYZER_NUMBER_OBJECT_CONVERSION = YES_AGGRESSIVE;
				CLANG_CXX_LANGUAGE_STANDARD = "gnu++14";
				CLANG_CXX_LIBRARY = "libc++";
				CLANG_ENABLE_MODULES = YES;
				CLANG_ENABLE_OBJC_ARC = YES;
				CLANG_ENABLE_OBJC_WEAK = YES;
				CLANG_WARN_BLOCK_CAPTURE_AUTORELEASING = YES;
				CLANG_WARN_BOOL_CONVERSION = YES;
				CLANG_WARN_COMMA = YES;
				CLANG_WARN_CONSTANT_CONVERSION = YES;
				CLANG_WARN_DEPRECATED_OBJC_IMPLEMENTATIONS = YES;
				CLANG_WARN_DIRECT_OBJC_ISA_USAGE = YES_ERROR;
				CLANG_WARN_DOCUMENTATION_COMMENTS = YES;
				CLANG_WARN_EMPTY_BODY = YES;
				CLANG_WARN_ENUM_CONVERSION = YES;
				CLANG_WARN_INFINITE_RECURSION = YES;
				CLANG_WARN_INT_CONVERSION = YES;
				CLANG_WARN_NON_LITERAL_NULL_CONVERSION = YES;
				CLANG_WARN_OBJC_IMPLICIT_RETAIN_SELF = YES;
				CLANG_WARN_OBJC_LITERAL_CONVERSION = YES;
				CLANG_WARN_OBJC_ROOT_CLASS = YES_ERROR;
				CLANG_WARN_RANGE_LOOP_ANALYSIS = YES;
				CLANG_WARN_STRICT_PROTOTYPES = YES;
				CLANG_WARN_SUSPICIOUS_MOVE = YES;
				CLANG_WARN_UNGUARDED_AVAILABILITY = YES_AGGRESSIVE;
				CLANG_WARN_UNREACHABLE_CODE = YES;
				CLANG_WARN__DUPLICATE_METHOD_MATCH = YES;
				COPY_PHASE_STRIP = NO;
				DEBUG_INFORMATION_FORMAT = "dwarf-with-dsym";
				ENABLE_NS_ASSERTIONS = NO;
				ENABLE_STRICT_OBJC_MSGSEND = YES;
				GCC_C_LANGUAGE_STANDARD = gnu11;
				GCC_NO_COMMON_BLOCKS = YES;
				GCC_WARN_64_TO_32_BIT_CONVERSION = YES;
				GCC_WARN_ABOUT_RETURN_TYPE = YES_ERROR;
				GCC_WARN_UNDECLARED_SELECTOR = YES;
				GCC_WARN_UNINITIALIZED_AUTOS = YES_AGGRESSIVE;
				GCC_WARN_UNUSED_FUNCTION = YES;
				GCC_WARN_UNUSED_VARIABLE = YES;
				IPHONEOS_DEPLOYMENT_TARGET = 9.0;
				MTL_ENABLE_DEBUG_INFO = NO;
				MTL_FAST_MATH = YES;
				SDKROOT = iphoneos;
				VALIDATE_PRODUCT = YES;
			};
			name = Release;
		};
		453DE2CA2379458C0083E759 /* Debug */ = {
			isa = XCBuildConfiguration;
			baseConfigurationReference = 8C0241A1CF41E8DFFB38B885 /* Pods-XiaoShiPinApp.debug.xcconfig */;
			buildSettings = {
				ALWAYS_SEARCH_USER_PATHS = YES;
				ASSETCATALOG_COMPILER_APPICON_NAME = AppIcon;
				CLANG_ADDRESS_SANITIZER_CONTAINER_OVERFLOW = NO;
				CLANG_ALLOW_NON_MODULAR_INCLUDES_IN_FRAMEWORK_MODULES = YES;
				CLANG_ENABLE_MODULES = YES;
				CLANG_WARN_OBJC_IMPLICIT_RETAIN_SELF = NO;
				CODE_SIGN_IDENTITY = "iPhone Developer";
				CODE_SIGN_STYLE = Manual;
				DEAD_CODE_STRIPPING = NO;
				DEVELOPMENT_TEAM = F8A3GH6Q4W;
				ENABLE_BITCODE = NO;
				FRAMEWORK_SEARCH_PATHS = (
					"$(inherited)",
					"$(PROJECT_DIR)/XiaoShiPin/Dependencies/VideoUpload/COSSDK",
					"$(PROJECT_DIR)/XiaoShiPin",
					"$(PROJECT_DIR)/XiaoShiPin/Frameworks",
					"$(PROJECT_DIR)/../../SDK",
				);
				GCC_PREPROCESSOR_DEFINITIONS = (
					"$(inherited)",
					XiaoShiPin,
				);
				HEADER_SEARCH_PATHS = (
					"$(SRCROOT)/XiaoShiPin/Dependencies",
					"$(inherited)",
					"$(SRCROOT)/../../SDK/TXLiteAVSDK_Professional.framework/Headers",
					"$(SRCROOT)/../../SDK/TXLiteAVSDK_UGC.framework/Headers",
				);
				INFOPLIST_FILE = XiaoShiPin/Info.plist;
				IPHONEOS_DEPLOYMENT_TARGET = 9.0;
				LD_RUNPATH_SEARCH_PATHS = (
					"$(inherited)",
					"@executable_path/Frameworks",
				);
				LIBRARY_SEARCH_PATHS = (
					"$(inherited)",
					"$(PROJECT_DIR)/XiaoShiPin/Dependencies/VideoUpload/COSSDK",
				);
				OTHER_LDFLAGS = (
					"$(inherited)",
					"-ObjC",
				);
				PRODUCT_BUNDLE_IDENTIFIER = com.tencent.fx.xiaoshipin.db;
				PRODUCT_NAME = "$(TARGET_NAME)";
				PROVISIONING_PROFILE_SPECIFIER = abyWildcardDev;
				TARGETED_DEVICE_FAMILY = 1;
			};
			name = Debug;
		};
		453DE2CB2379458C0083E759 /* Release */ = {
			isa = XCBuildConfiguration;
			baseConfigurationReference = 7216AF6672BE96A755F9A006 /* Pods-XiaoShiPinApp.release.xcconfig */;
			buildSettings = {
				ALWAYS_SEARCH_USER_PATHS = YES;
				ASSETCATALOG_COMPILER_APPICON_NAME = AppIcon;
				CLANG_ADDRESS_SANITIZER_CONTAINER_OVERFLOW = NO;
				CLANG_ALLOW_NON_MODULAR_INCLUDES_IN_FRAMEWORK_MODULES = YES;
				CLANG_ENABLE_MODULES = YES;
				CLANG_WARN_OBJC_IMPLICIT_RETAIN_SELF = NO;
				CODE_SIGN_IDENTITY = "iPhone Distribution";
				CODE_SIGN_STYLE = Manual;
				DEAD_CODE_STRIPPING = NO;
				DEVELOPMENT_TEAM = FN2V63AD2J;
				ENABLE_BITCODE = NO;
				FRAMEWORK_SEARCH_PATHS = (
					"$(inherited)",
					"$(PROJECT_DIR)/XiaoShiPin/Dependencies/VideoUpload/COSSDK",
					"$(PROJECT_DIR)/XiaoShiPin",
					"$(PROJECT_DIR)/XiaoShiPin/Frameworks",
					"$(PROJECT_DIR)/../../SDK",
				);
				GCC_PREPROCESSOR_DEFINITIONS = (
					"$(inherited)",
					XiaoShiPin,
				);
				HEADER_SEARCH_PATHS = (
					"$(SRCROOT)/XiaoShiPin/Dependencies",
					"$(inherited)",
					"$(SRCROOT)/../../SDK/TXLiteAVSDK_Professional.framework/Headers",
					"$(SRCROOT)/../../SDK/TXLiteAVSDK_UGC.framework/Headers",
				);
				INFOPLIST_FILE = XiaoShiPin/Info.plist;
				IPHONEOS_DEPLOYMENT_TARGET = 9.0;
				LD_RUNPATH_SEARCH_PATHS = (
					"$(inherited)",
					"@executable_path/Frameworks",
				);
				LIBRARY_SEARCH_PATHS = (
					"$(inherited)",
					"$(PROJECT_DIR)/XiaoShiPin/Dependencies/VideoUpload/COSSDK",
				);
				OTHER_LDFLAGS = (
					"$(inherited)",
					"-ObjC",
				);
				PRODUCT_BUNDLE_IDENTIFIER = com.tencent.liteav.ugc;
				PRODUCT_NAME = "$(TARGET_NAME)";
				PROVISIONING_PROFILE_SPECIFIER = com.tencent.liteav.ugc_Production_SignProvision;
				TARGETED_DEVICE_FAMILY = 1;
			};
			name = Release;
		};
		457BFD6B239796D3004017FE /* DailyBuild */ = {
			isa = XCBuildConfiguration;
			buildSettings = {
				ALWAYS_SEARCH_USER_PATHS = NO;
				CLANG_ANALYZER_LOCALIZABILITY_NONLOCALIZED = YES;
				CLANG_ANALYZER_NONNULL = YES;
				CLANG_ANALYZER_NUMBER_OBJECT_CONVERSION = YES_AGGRESSIVE;
				CLANG_CXX_LANGUAGE_STANDARD = "gnu++14";
				CLANG_CXX_LIBRARY = "libc++";
				CLANG_ENABLE_MODULES = YES;
				CLANG_ENABLE_OBJC_ARC = YES;
				CLANG_ENABLE_OBJC_WEAK = YES;
				CLANG_WARN_BLOCK_CAPTURE_AUTORELEASING = YES;
				CLANG_WARN_BOOL_CONVERSION = YES;
				CLANG_WARN_COMMA = YES;
				CLANG_WARN_CONSTANT_CONVERSION = YES;
				CLANG_WARN_DEPRECATED_OBJC_IMPLEMENTATIONS = YES;
				CLANG_WARN_DIRECT_OBJC_ISA_USAGE = YES_ERROR;
				CLANG_WARN_DOCUMENTATION_COMMENTS = YES;
				CLANG_WARN_EMPTY_BODY = YES;
				CLANG_WARN_ENUM_CONVERSION = YES;
				CLANG_WARN_INFINITE_RECURSION = YES;
				CLANG_WARN_INT_CONVERSION = YES;
				CLANG_WARN_NON_LITERAL_NULL_CONVERSION = YES;
				CLANG_WARN_OBJC_IMPLICIT_RETAIN_SELF = YES;
				CLANG_WARN_OBJC_LITERAL_CONVERSION = YES;
				CLANG_WARN_OBJC_ROOT_CLASS = YES_ERROR;
				CLANG_WARN_RANGE_LOOP_ANALYSIS = YES;
				CLANG_WARN_STRICT_PROTOTYPES = YES;
				CLANG_WARN_SUSPICIOUS_MOVE = YES;
				CLANG_WARN_UNGUARDED_AVAILABILITY = YES_AGGRESSIVE;
				CLANG_WARN_UNREACHABLE_CODE = YES;
				CLANG_WARN__DUPLICATE_METHOD_MATCH = YES;
				COPY_PHASE_STRIP = NO;
				DEBUG_INFORMATION_FORMAT = "dwarf-with-dsym";
				ENABLE_NS_ASSERTIONS = NO;
				ENABLE_STRICT_OBJC_MSGSEND = YES;
				GCC_C_LANGUAGE_STANDARD = gnu11;
				GCC_NO_COMMON_BLOCKS = YES;
				GCC_WARN_64_TO_32_BIT_CONVERSION = YES;
				GCC_WARN_ABOUT_RETURN_TYPE = YES_ERROR;
				GCC_WARN_UNDECLARED_SELECTOR = YES;
				GCC_WARN_UNINITIALIZED_AUTOS = YES_AGGRESSIVE;
				GCC_WARN_UNUSED_FUNCTION = YES;
				GCC_WARN_UNUSED_VARIABLE = YES;
				IPHONEOS_DEPLOYMENT_TARGET = 9.0;
				MTL_ENABLE_DEBUG_INFO = NO;
				MTL_FAST_MATH = YES;
				SDKROOT = iphoneos;
				VALIDATE_PRODUCT = YES;
			};
			name = DailyBuild;
		};
		457BFD6C239796D3004017FE /* DailyBuild */ = {
			isa = XCBuildConfiguration;
			baseConfigurationReference = CA1752BBB634FB42BC710760 /* Pods-XiaoShiPinApp.dailybuild.xcconfig */;
			buildSettings = {
				ALWAYS_SEARCH_USER_PATHS = YES;
				ASSETCATALOG_COMPILER_APPICON_NAME = AppIcon;
				CLANG_ADDRESS_SANITIZER_CONTAINER_OVERFLOW = NO;
				CLANG_ALLOW_NON_MODULAR_INCLUDES_IN_FRAMEWORK_MODULES = YES;
				CLANG_ENABLE_MODULES = YES;
				CLANG_WARN_OBJC_IMPLICIT_RETAIN_SELF = NO;
				CODE_SIGN_IDENTITY = "iPhone Developer";
				CODE_SIGN_STYLE = Manual;
				DEAD_CODE_STRIPPING = NO;
				DEVELOPMENT_TEAM = F8A3GH6Q4W;
				ENABLE_BITCODE = NO;
				FRAMEWORK_SEARCH_PATHS = (
					"$(inherited)",
					"$(PROJECT_DIR)/XiaoShiPin/Dependencies/VideoUpload/COSSDK",
					"$(PROJECT_DIR)/XiaoShiPin",
					"$(PROJECT_DIR)/XiaoShiPin/Frameworks",
					"$(PROJECT_DIR)/../../SDK",
				);
				GCC_PREPROCESSOR_DEFINITIONS = (
					"$(inherited)",
					XiaoShiPin,
				);
				HEADER_SEARCH_PATHS = (
					"$(SRCROOT)/XiaoShiPin/Dependencies",
					"$(inherited)",
					"$(SRCROOT)/../../SDK/TXLiteAVSDK_Professional.framework/Headers",
					"$(SRCROOT)/../../SDK/TXLiteAVSDK_UGC.framework/Headers",
				);
				INFOPLIST_FILE = XiaoShiPin/Info.plist;
				IPHONEOS_DEPLOYMENT_TARGET = 9.0;
				LD_RUNPATH_SEARCH_PATHS = (
					"$(inherited)",
					"@executable_path/Frameworks",
				);
				LIBRARY_SEARCH_PATHS = (
					"$(inherited)",
					"$(PROJECT_DIR)/XiaoShiPin/Dependencies/VideoUpload/COSSDK",
				);
				OTHER_LDFLAGS = (
					"$(inherited)",
					"-ObjC",
				);
				PRODUCT_BUNDLE_IDENTIFIER = com.tencent.fx.xiaoshipin.db;
				PRODUCT_NAME = "$(TARGET_NAME)";
				PROVISIONING_PROFILE_SPECIFIER = abyWildcardDev;
				TARGETED_DEVICE_FAMILY = 1;
			};
			name = DailyBuild;
		};
/* End XCBuildConfiguration section */

/* Begin XCConfigurationList section */
		453DE2AB2379458A0083E759 /* Build configuration list for PBXProject "XiaoShiPinApp" */ = {
			isa = XCConfigurationList;
			buildConfigurations = (
				453DE2C72379458C0083E759 /* Debug */,
				453DE2C82379458C0083E759 /* Release */,
				457BFD6B239796D3004017FE /* DailyBuild */,
			);
			defaultConfigurationIsVisible = 0;
			defaultConfigurationName = Release;
		};
		453DE2C92379458C0083E759 /* Build configuration list for PBXNativeTarget "XiaoShiPinApp" */ = {
			isa = XCConfigurationList;
			buildConfigurations = (
				453DE2CA2379458C0083E759 /* Debug */,
				453DE2CB2379458C0083E759 /* Release */,
				457BFD6C239796D3004017FE /* DailyBuild */,
			);
			defaultConfigurationIsVisible = 0;
			defaultConfigurationName = Release;
		};
/* End XCConfigurationList section */
	};
	rootObject = 453DE2A82379458A0083E759 /* Project object */;
}
